{
    "_meta": {
        "hash": {
            "sha256": "11633ce3f43a863ffc48888076b6277b6584c5907886356dbd0c72493a9deb53"
        },
        "pipfile-spec": 6,
        "requires": {
            "python_version": "3.7"
        },
        "sources": [
            {
                "name": "pypi",
                "url": "https://pypi.org/simple",
                "verify_ssl": true
            }
        ]
    },
    "default": {
        "docopt": {
            "hashes": [
                "sha256:49b3a825280bd66b3aa83585ef59c4a8c82f2c8a522dbe754a8bc8d08c85c491"
            ],
            "index": "pypi",
            "version": "==0.6.2"
        },
        "rjm": {
            "hashes": [
                "sha256:9b51c8133a34095cf823a69e0893ebcc6ac64890f11d38d72c89eb1c716a76f6",
                "sha256:f65741c643457d3710902ce5db5aa0bb91b47feca0436604ec9bbbde0bbf3eae"
            ],
            "index": "pypi",
            "version": "==1.2.0"
        }
    },
    "develop": {}
}
