Microsoft Visual Studio Solution File, Format Version 12.00
# Visual Studio Version 18
VisualStudioVersion = 18.3.11527.330
MinimumVisualStudioVersion = 10.0.40219.1
Project("{2150E333-8FDC-42A3-9474-1A3956D46DE8}") = "Solution Items", "Solution Items", "{3E68C54A-2267-4C89-A166-274AC9577579}"
	ProjectSection(SolutionItems) = preProject
		Directory.Build.props = Directory.Build.props
		..\docs\pages\_en\1.0\reference\release-notes.md = ..\docs\pages\_en\1.0\reference\release-notes.md
	EndProjectSection
EndProject
Project("{8BC9CEB8-8B4A-11D0-8D11-00A0C91BC942}") = "RhinoInside.Revit.Native", "RhinoInside.Revit.Native\RhinoInside.Revit.Native.vcxproj", "{CE1818BB-B141-47BC-A253-F855FC4123CF}"
EndProject
Project("{9A19103F-16F7-4668-BE54-9A1E7A4F7556}") = "RhinoInside.Revit.Loader", "RhinoInside.Revit.Loader\RhinoInside.Revit.Loader.csproj", "{6301C718-0083-4664-A185-04EE0AC95BE1}"
EndProject
Project("{9A19103F-16F7-4668-BE54-9A1E7A4F7556}") = "RhinoInside.Revit.External", "RhinoInside.Revit.External\RhinoInside.Revit.External.csproj", "{BC1BB58E-ED9E-48A0-84C7-50A738D76E48}"
EndProject
Project("{9A19103F-16F7-4668-BE54-9A1E7A4F7556}") = "RhinoInside.Revit", "RhinoInside.Revit\RhinoInside.Revit.csproj", "{BBB3CEBA-FB9D-44D3-A547-1E65EE34BB09}"
EndProject
Project("{9A19103F-16F7-4668-BE54-9A1E7A4F7556}") = "RhinoInside.Revit.AddIn", "RhinoInside.Revit.AddIn\RhinoInside.Revit.AddIn.csproj", "{F2AA3A7B-68B4-43FB-9F7A-CE42284CAE2B}"
EndProject
Project("{9A19103F-16F7-4668-BE54-9A1E7A4F7556}") = "RhinoInside.Revit.GH", "RhinoInside.Revit.GH\RhinoInside.Revit.GH.csproj", "{A8D40701-5B58-4CFB-BE26-41DFCA0C853F}"
EndProject
Global
	GlobalSection(SolutionConfigurationPlatforms) = preSolution
		Debug-R7|2018 = Debug-R7|2018
		Debug-R7|2019 = Debug-R7|2019
		Debug-R7|2020 = Debug-R7|2020
		Debug-R7|2021 = Debug-R7|2021
		Debug-R7|2022 = Debug-R7|2022
		Debug-R7|2023 = Debug-R7|2023
		Debug-R7|2024 = Debug-R7|2024
		Debug-R7|2025 = Debug-R7|2025
		Debug-R7|2026 = Debug-R7|2026
		Debug-R7|2027 = Debug-R7|2027
		Debug-R8|2018 = Debug-R8|2018
		Debug-R8|2019 = Debug-R8|2019
		Debug-R8|2020 = Debug-R8|2020
		Debug-R8|2021 = Debug-R8|2021
		Debug-R8|2022 = Debug-R8|2022
		Debug-R8|2023 = Debug-R8|2023
		Debug-R8|2024 = Debug-R8|2024
		Debug-R8|2025 = Debug-R8|2025
		Debug-R8|2026 = Debug-R8|2026
		Debug-R8|2027 = Debug-R8|2027
		Debug-R9|2018 = Debug-R9|2018
		Debug-R9|2019 = Debug-R9|2019
		Debug-R9|2020 = Debug-R9|2020
		Debug-R9|2021 = Debug-R9|2021
		Debug-R9|2022 = Debug-R9|2022
		Debug-R9|2023 = Debug-R9|2023
		Debug-R9|2024 = Debug-R9|2024
		Debug-R9|2025 = Debug-R9|2025
		Debug-R9|2026 = Debug-R9|2026
		Debug-R9|2027 = Debug-R9|2027
		Release-R7|2018 = Release-R7|2018
		Release-R7|2019 = Release-R7|2019
		Release-R7|2020 = Release-R7|2020
		Release-R7|2021 = Release-R7|2021
		Release-R7|2022 = Release-R7|2022
		Release-R7|2023 = Release-R7|2023
		Release-R7|2024 = Release-R7|2024
		Release-R7|2025 = Release-R7|2025
		Release-R7|2026 = Release-R7|2026
		Release-R7|2027 = Release-R7|2027
		Release-R8|2018 = Release-R8|2018
		Release-R8|2019 = Release-R8|2019
		Release-R8|2020 = Release-R8|2020
		Release-R8|2021 = Release-R8|2021
		Release-R8|2022 = Release-R8|2022
		Release-R8|2023 = Release-R8|2023
		Release-R8|2024 = Release-R8|2024
		Release-R8|2025 = Release-R8|2025
		Release-R8|2026 = Release-R8|2026
		Release-R8|2027 = Release-R8|2027
		Release-R9|2018 = Release-R9|2018
		Release-R9|2019 = Release-R9|2019
		Release-R9|2020 = Release-R9|2020
		Release-R9|2021 = Release-R9|2021
		Release-R9|2022 = Release-R9|2022
		Release-R9|2023 = Release-R9|2023
		Release-R9|2024 = Release-R9|2024
		Release-R9|2025 = Release-R9|2025
		Release-R9|2026 = Release-R9|2026
		Release-R9|2027 = Release-R9|2027
	EndGlobalSection
	GlobalSection(ProjectConfigurationPlatforms) = postSolution
		{CE1818BB-B141-47BC-A253-F855FC4123CF}.Debug-R7|2018.ActiveCfg = Debug|x64
		{CE1818BB-B141-47BC-A253-F855FC4123CF}.Debug-R7|2018.Build.0 = Debug|x64
		{CE1818BB-B141-47BC-A253-F855FC4123CF}.Debug-R7|2019.ActiveCfg = Debug|x64
		{CE1818BB-B141-47BC-A253-F855FC4123CF}.Debug-R7|2019.Build.0 = Debug|x64
		{CE1818BB-B141-47BC-A253-F855FC4123CF}.Debug-R7|2020.ActiveCfg = Debug|x64
		{CE1818BB-B141-47BC-A253-F855FC4123CF}.Debug-R7|2020.Build.0 = Debug|x64
		{CE1818BB-B141-47BC-A253-F855FC4123CF}.Debug-R7|2021.ActiveCfg = Debug|x64
		{CE1818BB-B141-47BC-A253-F855FC4123CF}.Debug-R7|2021.Build.0 = Debug|x64
		{CE1818BB-B141-47BC-A253-F855FC4123CF}.Debug-R7|2022.ActiveCfg = Debug|x64
		{CE1818BB-B141-47BC-A253-F855FC4123CF}.Debug-R7|2022.Build.0 = Debug|x64
		{CE1818BB-B141-47BC-A253-F855FC4123CF}.Debug-R7|2023.ActiveCfg = Debug|x64
		{CE1818BB-B141-47BC-A253-F855FC4123CF}.Debug-R7|2023.Build.0 = Debug|x64
		{CE1818BB-B141-47BC-A253-F855FC4123CF}.Debug-R7|2024.ActiveCfg = Debug|x64
		{CE1818BB-B141-47BC-A253-F855FC4123CF}.Debug-R7|2024.Build.0 = Debug|x64
		{CE1818BB-B141-47BC-A253-F855FC4123CF}.Debug-R7|2025.ActiveCfg = Debug|x64
		{CE1818BB-B141-47BC-A253-F855FC4123CF}.Debug-R7|2026.ActiveCfg = Debug|x64
		{CE1818BB-B141-47BC-A253-F855FC4123CF}.Debug-R7|2027.ActiveCfg = Debug|x64
		{CE1818BB-B141-47BC-A253-F855FC4123CF}.Debug-R8|2018.ActiveCfg = Debug|x64
		{CE1818BB-B141-47BC-A253-F855FC4123CF}.Debug-R8|2018.Build.0 = Debug|x64
		{CE1818BB-B141-47BC-A253-F855FC4123CF}.Debug-R8|2019.ActiveCfg = Debug|x64
		{CE1818BB-B141-47BC-A253-F855FC4123CF}.Debug-R8|2019.Build.0 = Debug|x64
		{CE1818BB-B141-47BC-A253-F855FC4123CF}.Debug-R8|2020.ActiveCfg = Debug|x64
		{CE1818BB-B141-47BC-A253-F855FC4123CF}.Debug-R8|2020.Build.0 = Debug|x64
		{CE1818BB-B141-47BC-A253-F855FC4123CF}.Debug-R8|2021.ActiveCfg = Debug|x64
		{CE1818BB-B141-47BC-A253-F855FC4123CF}.Debug-R8|2021.Build.0 = Debug|x64
		{CE1818BB-B141-47BC-A253-F855FC4123CF}.Debug-R8|2022.ActiveCfg = Debug|x64
		{CE1818BB-B141-47BC-A253-F855FC4123CF}.Debug-R8|2022.Build.0 = Debug|x64
		{CE1818BB-B141-47BC-A253-F855FC4123CF}.Debug-R8|2023.ActiveCfg = Debug|x64
		{CE1818BB-B141-47BC-A253-F855FC4123CF}.Debug-R8|2023.Build.0 = Debug|x64
		{CE1818BB-B141-47BC-A253-F855FC4123CF}.Debug-R8|2024.ActiveCfg = Debug|x64
		{CE1818BB-B141-47BC-A253-F855FC4123CF}.Debug-R8|2024.Build.0 = Debug|x64
		{CE1818BB-B141-47BC-A253-F855FC4123CF}.Debug-R8|2025.ActiveCfg = Debug|x64
		{CE1818BB-B141-47BC-A253-F855FC4123CF}.Debug-R8|2025.Build.0 = Debug|x64
		{CE1818BB-B141-47BC-A253-F855FC4123CF}.Debug-R8|2026.ActiveCfg = Debug|x64
		{CE1818BB-B141-47BC-A253-F855FC4123CF}.Debug-R8|2026.Build.0 = Debug|x64
		{CE1818BB-B141-47BC-A253-F855FC4123CF}.Debug-R8|2027.ActiveCfg = Debug|x64
		{CE1818BB-B141-47BC-A253-F855FC4123CF}.Debug-R8|2027.Build.0 = Debug|x64
		{CE1818BB-B141-47BC-A253-F855FC4123CF}.Debug-R9|2018.ActiveCfg = Debug|x64
		{CE1818BB-B141-47BC-A253-F855FC4123CF}.Debug-R9|2019.ActiveCfg = Debug|x64
		{CE1818BB-B141-47BC-A253-F855FC4123CF}.Debug-R9|2020.ActiveCfg = Debug|x64
		{CE1818BB-B141-47BC-A253-F855FC4123CF}.Debug-R9|2021.ActiveCfg = Debug|x64
		{CE1818BB-B141-47BC-A253-F855FC4123CF}.Debug-R9|2022.ActiveCfg = Debug|x64
		{CE1818BB-B141-47BC-A253-F855FC4123CF}.Debug-R9|2023.ActiveCfg = Debug|x64
		{CE1818BB-B141-47BC-A253-F855FC4123CF}.Debug-R9|2024.ActiveCfg = Debug|x64
		{CE1818BB-B141-47BC-A253-F855FC4123CF}.Debug-R9|2025.ActiveCfg = Debug|x64
		{CE1818BB-B141-47BC-A253-F855FC4123CF}.Debug-R9|2025.Build.0 = Debug|x64
		{CE1818BB-B141-47BC-A253-F855FC4123CF}.Debug-R9|2026.ActiveCfg = Debug|x64
		{CE1818BB-B141-47BC-A253-F855FC4123CF}.Debug-R9|2026.Build.0 = Debug|x64
		{CE1818BB-B141-47BC-A253-F855FC4123CF}.Debug-R9|2027.ActiveCfg = Debug|x64
		{CE1818BB-B141-47BC-A253-F855FC4123CF}.Debug-R9|2027.Build.0 = Debug|x64
		{CE1818BB-B141-47BC-A253-F855FC4123CF}.Release-R7|2018.ActiveCfg = Release|x64
		{CE1818BB-B141-47BC-A253-F855FC4123CF}.Release-R7|2018.Build.0 = Release|x64
		{CE1818BB-B141-47BC-A253-F855FC4123CF}.Release-R7|2019.ActiveCfg = Release|x64
		{CE1818BB-B141-47BC-A253-F855FC4123CF}.Release-R7|2019.Build.0 = Release|x64
		{CE1818BB-B141-47BC-A253-F855FC4123CF}.Release-R7|2020.ActiveCfg = Release|x64
		{CE1818BB-B141-47BC-A253-F855FC4123CF}.Release-R7|2020.Build.0 = Release|x64
		{CE1818BB-B141-47BC-A253-F855FC4123CF}.Release-R7|2021.ActiveCfg = Release|x64
		{CE1818BB-B141-47BC-A253-F855FC4123CF}.Release-R7|2021.Build.0 = Release|x64
		{CE1818BB-B141-47BC-A253-F855FC4123CF}.Release-R7|2022.ActiveCfg = Release|x64
		{CE1818BB-B141-47BC-A253-F855FC4123CF}.Release-R7|2022.Build.0 = Release|x64
		{CE1818BB-B141-47BC-A253-F855FC4123CF}.Release-R7|2023.ActiveCfg = Release|x64
		{CE1818BB-B141-47BC-A253-F855FC4123CF}.Release-R7|2023.Build.0 = Release|x64
		{CE1818BB-B141-47BC-A253-F855FC4123CF}.Release-R7|2024.ActiveCfg = Release|x64
		{CE1818BB-B141-47BC-A253-F855FC4123CF}.Release-R7|2024.Build.0 = Release|x64
		{CE1818BB-B141-47BC-A253-F855FC4123CF}.Release-R7|2025.ActiveCfg = Release|x64
		{CE1818BB-B141-47BC-A253-F855FC4123CF}.Release-R7|2026.ActiveCfg = Release|x64
		{CE1818BB-B141-47BC-A253-F855FC4123CF}.Release-R7|2027.ActiveCfg = Release|x64
		{CE1818BB-B141-47BC-A253-F855FC4123CF}.Release-R8|2018.ActiveCfg = Release|x64
		{CE1818BB-B141-47BC-A253-F855FC4123CF}.Release-R8|2018.Build.0 = Release|x64
		{CE1818BB-B141-47BC-A253-F855FC4123CF}.Release-R8|2019.ActiveCfg = Release|x64
		{CE1818BB-B141-47BC-A253-F855FC4123CF}.Release-R8|2019.Build.0 = Release|x64
		{CE1818BB-B141-47BC-A253-F855FC4123CF}.Release-R8|2020.ActiveCfg = Release|x64
		{CE1818BB-B141-47BC-A253-F855FC4123CF}.Release-R8|2020.Build.0 = Release|x64
		{CE1818BB-B141-47BC-A253-F855FC4123CF}.Release-R8|2021.ActiveCfg = Release|x64
		{CE1818BB-B141-47BC-A253-F855FC4123CF}.Release-R8|2021.Build.0 = Release|x64
		{CE1818BB-B141-47BC-A253-F855FC4123CF}.Release-R8|2022.ActiveCfg = Release|x64
		{CE1818BB-B141-47BC-A253-F855FC4123CF}.Release-R8|2022.Build.0 = Release|x64
		{CE1818BB-B141-47BC-A253-F855FC4123CF}.Release-R8|2023.ActiveCfg = Release|x64
		{CE1818BB-B141-47BC-A253-F855FC4123CF}.Release-R8|2023.Build.0 = Release|x64
		{CE1818BB-B141-47BC-A253-F855FC4123CF}.Release-R8|2024.ActiveCfg = Release|x64
		{CE1818BB-B141-47BC-A253-F855FC4123CF}.Release-R8|2024.Build.0 = Release|x64
		{CE1818BB-B141-47BC-A253-F855FC4123CF}.Release-R8|2025.ActiveCfg = Release|x64
		{CE1818BB-B141-47BC-A253-F855FC4123CF}.Release-R8|2025.Build.0 = Release|x64
		{CE1818BB-B141-47BC-A253-F855FC4123CF}.Release-R8|2026.ActiveCfg = Release|x64
		{CE1818BB-B141-47BC-A253-F855FC4123CF}.Release-R8|2026.Build.0 = Release|x64
		{CE1818BB-B141-47BC-A253-F855FC4123CF}.Release-R8|2027.ActiveCfg = Release|x64
		{CE1818BB-B141-47BC-A253-F855FC4123CF}.Release-R8|2027.Build.0 = Release|x64
		{CE1818BB-B141-47BC-A253-F855FC4123CF}.Release-R9|2018.ActiveCfg = Release|x64
		{CE1818BB-B141-47BC-A253-F855FC4123CF}.Release-R9|2019.ActiveCfg = Release|x64
		{CE1818BB-B141-47BC-A253-F855FC4123CF}.Release-R9|2020.ActiveCfg = Release|x64
		{CE1818BB-B141-47BC-A253-F855FC4123CF}.Release-R9|2021.ActiveCfg = Release|x64
		{CE1818BB-B141-47BC-A253-F855FC4123CF}.Release-R9|2022.ActiveCfg = Release|x64
		{CE1818BB-B141-47BC-A253-F855FC4123CF}.Release-R9|2023.ActiveCfg = Release|x64
		{CE1818BB-B141-47BC-A253-F855FC4123CF}.Release-R9|2024.ActiveCfg = Release|x64
		{CE1818BB-B141-47BC-A253-F855FC4123CF}.Release-R9|2025.ActiveCfg = Release|x64
		{CE1818BB-B141-47BC-A253-F855FC4123CF}.Release-R9|2025.Build.0 = Release|x64
		{CE1818BB-B141-47BC-A253-F855FC4123CF}.Release-R9|2026.ActiveCfg = Release|x64
		{CE1818BB-B141-47BC-A253-F855FC4123CF}.Release-R9|2026.Build.0 = Release|x64
		{CE1818BB-B141-47BC-A253-F855FC4123CF}.Release-R9|2027.ActiveCfg = Release|x64
		{CE1818BB-B141-47BC-A253-F855FC4123CF}.Release-R9|2027.Build.0 = Release|x64
		{6301C718-0083-4664-A185-04EE0AC95BE1}.Debug-R7|2018.ActiveCfg = Debug-2018|Any CPU
		{6301C718-0083-4664-A185-04EE0AC95BE1}.Debug-R7|2018.Build.0 = Debug-2018|Any CPU
		{6301C718-0083-4664-A185-04EE0AC95BE1}.Debug-R7|2019.ActiveCfg = Debug-2019|Any CPU
		{6301C718-0083-4664-A185-04EE0AC95BE1}.Debug-R7|2019.Build.0 = Debug-2019|Any CPU
		{6301C718-0083-4664-A185-04EE0AC95BE1}.Debug-R7|2020.ActiveCfg = Debug-2020|Any CPU
		{6301C718-0083-4664-A185-04EE0AC95BE1}.Debug-R7|2020.Build.0 = Debug-2020|Any CPU
		{6301C718-0083-4664-A185-04EE0AC95BE1}.Debug-R7|2021.ActiveCfg = Debug-2021|Any CPU
		{6301C718-0083-4664-A185-04EE0AC95BE1}.Debug-R7|2021.Build.0 = Debug-2021|Any CPU
		{6301C718-0083-4664-A185-04EE0AC95BE1}.Debug-R7|2022.ActiveCfg = Debug-2022|Any CPU
		{6301C718-0083-4664-A185-04EE0AC95BE1}.Debug-R7|2022.Build.0 = Debug-2022|Any CPU
		{6301C718-0083-4664-A185-04EE0AC95BE1}.Debug-R7|2023.ActiveCfg = Debug-2023|Any CPU
		{6301C718-0083-4664-A185-04EE0AC95BE1}.Debug-R7|2023.Build.0 = Debug-2023|Any CPU
		{6301C718-0083-4664-A185-04EE0AC95BE1}.Debug-R7|2024.ActiveCfg = Debug-2024|Any CPU
		{6301C718-0083-4664-A185-04EE0AC95BE1}.Debug-R7|2024.Build.0 = Debug-2024|Any CPU
		{6301C718-0083-4664-A185-04EE0AC95BE1}.Debug-R7|2025.ActiveCfg = Debug-2025|Any CPU
		{6301C718-0083-4664-A185-04EE0AC95BE1}.Debug-R7|2026.ActiveCfg = Debug-2026|Any CPU
		{6301C718-0083-4664-A185-04EE0AC95BE1}.Debug-R7|2027.ActiveCfg = Debug-2026|Any CPU
		{6301C718-0083-4664-A185-04EE0AC95BE1}.Debug-R8|2018.ActiveCfg = Debug-2018|Any CPU
		{6301C718-0083-4664-A185-04EE0AC95BE1}.Debug-R8|2018.Build.0 = Debug-2018|Any CPU
		{6301C718-0083-4664-A185-04EE0AC95BE1}.Debug-R8|2019.ActiveCfg = Debug-2019|Any CPU
		{6301C718-0083-4664-A185-04EE0AC95BE1}.Debug-R8|2019.Build.0 = Debug-2019|Any CPU
		{6301C718-0083-4664-A185-04EE0AC95BE1}.Debug-R8|2020.ActiveCfg = Debug-2020|Any CPU
		{6301C718-0083-4664-A185-04EE0AC95BE1}.Debug-R8|2020.Build.0 = Debug-2020|Any CPU
		{6301C718-0083-4664-A185-04EE0AC95BE1}.Debug-R8|2021.ActiveCfg = Debug-2021|Any CPU
		{6301C718-0083-4664-A185-04EE0AC95BE1}.Debug-R8|2021.Build.0 = Debug-2021|Any CPU
		{6301C718-0083-4664-A185-04EE0AC95BE1}.Debug-R8|2022.ActiveCfg = Debug-2022|Any CPU
		{6301C718-0083-4664-A185-04EE0AC95BE1}.Debug-R8|2022.Build.0 = Debug-2022|Any CPU
		{6301C718-0083-4664-A185-04EE0AC95BE1}.Debug-R8|2023.ActiveCfg = Debug-2023|Any CPU
		{6301C718-0083-4664-A185-04EE0AC95BE1}.Debug-R8|2023.Build.0 = Debug-2023|Any CPU
		{6301C718-0083-4664-A185-04EE0AC95BE1}.Debug-R8|2024.ActiveCfg = Debug-2024|Any CPU
		{6301C718-0083-4664-A185-04EE0AC95BE1}.Debug-R8|2024.Build.0 = Debug-2024|Any CPU
		{6301C718-0083-4664-A185-04EE0AC95BE1}.Debug-R8|2025.ActiveCfg = Debug-2025|Any CPU
		{6301C718-0083-4664-A185-04EE0AC95BE1}.Debug-R8|2025.Build.0 = Debug-2025|Any CPU
		{6301C718-0083-4664-A185-04EE0AC95BE1}.Debug-R8|2026.ActiveCfg = Debug-2026|Any CPU
		{6301C718-0083-4664-A185-04EE0AC95BE1}.Debug-R8|2026.Build.0 = Debug-2026|Any CPU
		{6301C718-0083-4664-A185-04EE0AC95BE1}.Debug-R8|2027.ActiveCfg = Debug-2026|Any CPU
		{6301C718-0083-4664-A185-04EE0AC95BE1}.Debug-R8|2027.Build.0 = Debug-2026|Any CPU
		{6301C718-0083-4664-A185-04EE0AC95BE1}.Debug-R9|2018.ActiveCfg = Debug-2018|Any CPU
		{6301C718-0083-4664-A185-04EE0AC95BE1}.Debug-R9|2019.ActiveCfg = Debug-2019|Any CPU
		{6301C718-0083-4664-A185-04EE0AC95BE1}.Debug-R9|2020.ActiveCfg = Debug-2020|Any CPU
		{6301C718-0083-4664-A185-04EE0AC95BE1}.Debug-R9|2021.ActiveCfg = Debug-2021|Any CPU
		{6301C718-0083-4664-A185-04EE0AC95BE1}.Debug-R9|2022.ActiveCfg = Debug-2022|Any CPU
		{6301C718-0083-4664-A185-04EE0AC95BE1}.Debug-R9|2023.ActiveCfg = Debug-2023|Any CPU
		{6301C718-0083-4664-A185-04EE0AC95BE1}.Debug-R9|2024.ActiveCfg = Debug-2024|Any CPU
		{6301C718-0083-4664-A185-04EE0AC95BE1}.Debug-R9|2025.ActiveCfg = Debug-2025|Any CPU
		{6301C718-0083-4664-A185-04EE0AC95BE1}.Debug-R9|2025.Build.0 = Debug-2025|Any CPU
		{6301C718-0083-4664-A185-04EE0AC95BE1}.Debug-R9|2026.ActiveCfg = Debug-2026|Any CPU
		{6301C718-0083-4664-A185-04EE0AC95BE1}.Debug-R9|2026.Build.0 = Debug-2026|Any CPU
		{6301C718-0083-4664-A185-04EE0AC95BE1}.Debug-R9|2027.ActiveCfg = Debug-2027|Any CPU
		{6301C718-0083-4664-A185-04EE0AC95BE1}.Debug-R9|2027.Build.0 = Debug-2027|Any CPU
		{6301C718-0083-4664-A185-04EE0AC95BE1}.Release-R7|2018.ActiveCfg = Release-2018|Any CPU
		{6301C718-0083-4664-A185-04EE0AC95BE1}.Release-R7|2018.Build.0 = Release-2018|Any CPU
		{6301C718-0083-4664-A185-04EE0AC95BE1}.Release-R7|2019.ActiveCfg = Release-2019|Any CPU
		{6301C718-0083-4664-A185-04EE0AC95BE1}.Release-R7|2019.Build.0 = Release-2019|Any CPU
		{6301C718-0083-4664-A185-04EE0AC95BE1}.Release-R7|2020.ActiveCfg = Release-2020|Any CPU
		{6301C718-0083-4664-A185-04EE0AC95BE1}.Release-R7|2020.Build.0 = Release-2020|Any CPU
		{6301C718-0083-4664-A185-04EE0AC95BE1}.Release-R7|2021.ActiveCfg = Release-2021|Any CPU
		{6301C718-0083-4664-A185-04EE0AC95BE1}.Release-R7|2021.Build.0 = Release-2021|Any CPU
		{6301C718-0083-4664-A185-04EE0AC95BE1}.Release-R7|2022.ActiveCfg = Release-2022|Any CPU
		{6301C718-0083-4664-A185-04EE0AC95BE1}.Release-R7|2022.Build.0 = Release-2022|Any CPU
		{6301C718-0083-4664-A185-04EE0AC95BE1}.Release-R7|2023.ActiveCfg = Release-2023|Any CPU
		{6301C718-0083-4664-A185-04EE0AC95BE1}.Release-R7|2023.Build.0 = Release-2023|Any CPU
		{6301C718-0083-4664-A185-04EE0AC95BE1}.Release-R7|2024.ActiveCfg = Release-2024|Any CPU
		{6301C718-0083-4664-A185-04EE0AC95BE1}.Release-R7|2024.Build.0 = Release-2024|Any CPU
		{6301C718-0083-4664-A185-04EE0AC95BE1}.Release-R7|2025.ActiveCfg = Release-2025|Any CPU
		{6301C718-0083-4664-A185-04EE0AC95BE1}.Release-R7|2026.ActiveCfg = Release-2026|Any CPU
		{6301C718-0083-4664-A185-04EE0AC95BE1}.Release-R7|2027.ActiveCfg = Release-2026|Any CPU
		{6301C718-0083-4664-A185-04EE0AC95BE1}.Release-R8|2018.ActiveCfg = Release-2018|Any CPU
		{6301C718-0083-4664-A185-04EE0AC95BE1}.Release-R8|2018.Build.0 = Release-2018|Any CPU
		{6301C718-0083-4664-A185-04EE0AC95BE1}.Release-R8|2019.ActiveCfg = Release-2019|Any CPU
		{6301C718-0083-4664-A185-04EE0AC95BE1}.Release-R8|2019.Build.0 = Release-2019|Any CPU
		{6301C718-0083-4664-A185-04EE0AC95BE1}.Release-R8|2020.ActiveCfg = Release-2020|Any CPU
		{6301C718-0083-4664-A185-04EE0AC95BE1}.Release-R8|2020.Build.0 = Release-2020|Any CPU
		{6301C718-0083-4664-A185-04EE0AC95BE1}.Release-R8|2021.ActiveCfg = Release-2021|Any CPU
		{6301C718-0083-4664-A185-04EE0AC95BE1}.Release-R8|2021.Build.0 = Release-2021|Any CPU
		{6301C718-0083-4664-A185-04EE0AC95BE1}.Release-R8|2022.ActiveCfg = Release-2022|Any CPU
		{6301C718-0083-4664-A185-04EE0AC95BE1}.Release-R8|2022.Build.0 = Release-2022|Any CPU
		{6301C718-0083-4664-A185-04EE0AC95BE1}.Release-R8|2023.ActiveCfg = Release-2023|Any CPU
		{6301C718-0083-4664-A185-04EE0AC95BE1}.Release-R8|2023.Build.0 = Release-2023|Any CPU
		{6301C718-0083-4664-A185-04EE0AC95BE1}.Release-R8|2024.ActiveCfg = Release-2024|Any CPU
		{6301C718-0083-4664-A185-04EE0AC95BE1}.Release-R8|2024.Build.0 = Release-2024|Any CPU
		{6301C718-0083-4664-A185-04EE0AC95BE1}.Release-R8|2025.ActiveCfg = Release-2025|Any CPU
		{6301C718-0083-4664-A185-04EE0AC95BE1}.Release-R8|2025.Build.0 = Release-2025|Any CPU
		{6301C718-0083-4664-A185-04EE0AC95BE1}.Release-R8|2026.ActiveCfg = Release-2026|Any CPU
		{6301C718-0083-4664-A185-04EE0AC95BE1}.Release-R8|2026.Build.0 = Release-2026|Any CPU
		{6301C718-0083-4664-A185-04EE0AC95BE1}.Release-R8|2027.ActiveCfg = Release-2026|Any CPU
		{6301C718-0083-4664-A185-04EE0AC95BE1}.Release-R8|2027.Build.0 = Release-2026|Any CPU
		{6301C718-0083-4664-A185-04EE0AC95BE1}.Release-R9|2018.ActiveCfg = Release-2018|Any CPU
		{6301C718-0083-4664-A185-04EE0AC95BE1}.Release-R9|2019.ActiveCfg = Release-2019|Any CPU
		{6301C718-0083-4664-A185-04EE0AC95BE1}.Release-R9|2020.ActiveCfg = Release-2020|Any CPU
		{6301C718-0083-4664-A185-04EE0AC95BE1}.Release-R9|2021.ActiveCfg = Release-2021|Any CPU
		{6301C718-0083-4664-A185-04EE0AC95BE1}.Release-R9|2022.ActiveCfg = Release-2022|Any CPU
		{6301C718-0083-4664-A185-04EE0AC95BE1}.Release-R9|2023.ActiveCfg = Release-2023|Any CPU
		{6301C718-0083-4664-A185-04EE0AC95BE1}.Release-R9|2024.ActiveCfg = Release-2024|Any CPU
		{6301C718-0083-4664-A185-04EE0AC95BE1}.Release-R9|2025.ActiveCfg = Release-2025|Any CPU
		{6301C718-0083-4664-A185-04EE0AC95BE1}.Release-R9|2025.Build.0 = Release-2025|Any CPU
		{6301C718-0083-4664-A185-04EE0AC95BE1}.Release-R9|2026.ActiveCfg = Release-2026|Any CPU
		{6301C718-0083-4664-A185-04EE0AC95BE1}.Release-R9|2026.Build.0 = Release-2026|Any CPU
		{6301C718-0083-4664-A185-04EE0AC95BE1}.Release-R9|2027.ActiveCfg = Release-2027|Any CPU
		{6301C718-0083-4664-A185-04EE0AC95BE1}.Release-R9|2027.Build.0 = Release-2027|Any CPU
		{BC1BB58E-ED9E-48A0-84C7-50A738D76E48}.Debug-R7|2018.ActiveCfg = Debug-2018-R7|Any CPU
		{BC1BB58E-ED9E-48A0-84C7-50A738D76E48}.Debug-R7|2018.Build.0 = Debug-2018-R7|Any CPU
		{BC1BB58E-ED9E-48A0-84C7-50A738D76E48}.Debug-R7|2019.ActiveCfg = Debug-2019-R7|Any CPU
		{BC1BB58E-ED9E-48A0-84C7-50A738D76E48}.Debug-R7|2019.Build.0 = Debug-2019-R7|Any CPU
		{BC1BB58E-ED9E-48A0-84C7-50A738D76E48}.Debug-R7|2020.ActiveCfg = Debug-2020-R7|Any CPU
		{BC1BB58E-ED9E-48A0-84C7-50A738D76E48}.Debug-R7|2020.Build.0 = Debug-2020-R7|Any CPU
		{BC1BB58E-ED9E-48A0-84C7-50A738D76E48}.Debug-R7|2021.ActiveCfg = Debug-2021-R7|Any CPU
		{BC1BB58E-ED9E-48A0-84C7-50A738D76E48}.Debug-R7|2021.Build.0 = Debug-2021-R7|Any CPU
		{BC1BB58E-ED9E-48A0-84C7-50A738D76E48}.Debug-R7|2022.ActiveCfg = Debug-2022-R7|Any CPU
		{BC1BB58E-ED9E-48A0-84C7-50A738D76E48}.Debug-R7|2022.Build.0 = Debug-2022-R7|Any CPU
		{BC1BB58E-ED9E-48A0-84C7-50A738D76E48}.Debug-R7|2023.ActiveCfg = Debug-2023-R7|Any CPU
		{BC1BB58E-ED9E-48A0-84C7-50A738D76E48}.Debug-R7|2023.Build.0 = Debug-2023-R7|Any CPU
		{BC1BB58E-ED9E-48A0-84C7-50A738D76E48}.Debug-R7|2024.ActiveCfg = Debug-2024-R7|Any CPU
		{BC1BB58E-ED9E-48A0-84C7-50A738D76E48}.Debug-R7|2024.Build.0 = Debug-2024-R7|Any CPU
		{BC1BB58E-ED9E-48A0-84C7-50A738D76E48}.Debug-R7|2025.ActiveCfg = Debug-2025-R8|Any CPU
		{BC1BB58E-ED9E-48A0-84C7-50A738D76E48}.Debug-R7|2026.ActiveCfg = Debug-2026-R8|Any CPU
		{BC1BB58E-ED9E-48A0-84C7-50A738D76E48}.Debug-R7|2027.ActiveCfg = Debug-2026-R8|Any CPU
		{BC1BB58E-ED9E-48A0-84C7-50A738D76E48}.Debug-R8|2018.ActiveCfg = Debug-2018-R8|Any CPU
		{BC1BB58E-ED9E-48A0-84C7-50A738D76E48}.Debug-R8|2018.Build.0 = Debug-2018-R8|Any CPU
		{BC1BB58E-ED9E-48A0-84C7-50A738D76E48}.Debug-R8|2019.ActiveCfg = Debug-2019-R8|Any CPU
		{BC1BB58E-ED9E-48A0-84C7-50A738D76E48}.Debug-R8|2019.Build.0 = Debug-2019-R8|Any CPU
		{BC1BB58E-ED9E-48A0-84C7-50A738D76E48}.Debug-R8|2020.ActiveCfg = Debug-2020-R8|Any CPU
		{BC1BB58E-ED9E-48A0-84C7-50A738D76E48}.Debug-R8|2020.Build.0 = Debug-2020-R8|Any CPU
		{BC1BB58E-ED9E-48A0-84C7-50A738D76E48}.Debug-R8|2021.ActiveCfg = Debug-2021-R8|Any CPU
		{BC1BB58E-ED9E-48A0-84C7-50A738D76E48}.Debug-R8|2021.Build.0 = Debug-2021-R8|Any CPU
		{BC1BB58E-ED9E-48A0-84C7-50A738D76E48}.Debug-R8|2022.ActiveCfg = Debug-2022-R8|Any CPU
		{BC1BB58E-ED9E-48A0-84C7-50A738D76E48}.Debug-R8|2022.Build.0 = Debug-2022-R8|Any CPU
		{BC1BB58E-ED9E-48A0-84C7-50A738D76E48}.Debug-R8|2023.ActiveCfg = Debug-2023-R8|Any CPU
		{BC1BB58E-ED9E-48A0-84C7-50A738D76E48}.Debug-R8|2023.Build.0 = Debug-2023-R8|Any CPU
		{BC1BB58E-ED9E-48A0-84C7-50A738D76E48}.Debug-R8|2024.ActiveCfg = Debug-2024-R8|Any CPU
		{BC1BB58E-ED9E-48A0-84C7-50A738D76E48}.Debug-R8|2024.Build.0 = Debug-2024-R8|Any CPU
		{BC1BB58E-ED9E-48A0-84C7-50A738D76E48}.Debug-R8|2025.ActiveCfg = Debug-2025-R8|Any CPU
		{BC1BB58E-ED9E-48A0-84C7-50A738D76E48}.Debug-R8|2025.Build.0 = Debug-2025-R8|Any CPU
		{BC1BB58E-ED9E-48A0-84C7-50A738D76E48}.Debug-R8|2026.ActiveCfg = Debug-2026-R8|Any CPU
		{BC1BB58E-ED9E-48A0-84C7-50A738D76E48}.Debug-R8|2026.Build.0 = Debug-2026-R8|Any CPU
		{BC1BB58E-ED9E-48A0-84C7-50A738D76E48}.Debug-R8|2027.ActiveCfg = Debug-2026-R8|Any CPU
		{BC1BB58E-ED9E-48A0-84C7-50A738D76E48}.Debug-R8|2027.Build.0 = Debug-2026-R8|Any CPU
		{BC1BB58E-ED9E-48A0-84C7-50A738D76E48}.Debug-R9|2018.ActiveCfg = Debug-2018-R8|Any CPU
		{BC1BB58E-ED9E-48A0-84C7-50A738D76E48}.Debug-R9|2019.ActiveCfg = Debug-2019-R8|Any CPU
		{BC1BB58E-ED9E-48A0-84C7-50A738D76E48}.Debug-R9|2020.ActiveCfg = Debug-2020-R8|Any CPU
		{BC1BB58E-ED9E-48A0-84C7-50A738D76E48}.Debug-R9|2021.ActiveCfg = Debug-2021-R8|Any CPU
		{BC1BB58E-ED9E-48A0-84C7-50A738D76E48}.Debug-R9|2022.ActiveCfg = Debug-2022-R8|Any CPU
		{BC1BB58E-ED9E-48A0-84C7-50A738D76E48}.Debug-R9|2023.ActiveCfg = Debug-2023-R8|Any CPU
		{BC1BB58E-ED9E-48A0-84C7-50A738D76E48}.Debug-R9|2024.ActiveCfg = Debug-2024-R8|Any CPU
		{BC1BB58E-ED9E-48A0-84C7-50A738D76E48}.Debug-R9|2025.ActiveCfg = Debug-2025-R9|Any CPU
		{BC1BB58E-ED9E-48A0-84C7-50A738D76E48}.Debug-R9|2025.Build.0 = Debug-2025-R9|Any CPU
		{BC1BB58E-ED9E-48A0-84C7-50A738D76E48}.Debug-R9|2026.ActiveCfg = Debug-2026-R9|Any CPU
		{BC1BB58E-ED9E-48A0-84C7-50A738D76E48}.Debug-R9|2026.Build.0 = Debug-2026-R9|Any CPU
		{BC1BB58E-ED9E-48A0-84C7-50A738D76E48}.Debug-R9|2027.ActiveCfg = Debug-2027-R9|Any CPU
		{BC1BB58E-ED9E-48A0-84C7-50A738D76E48}.Debug-R9|2027.Build.0 = Debug-2027-R9|Any CPU
		{BC1BB58E-ED9E-48A0-84C7-50A738D76E48}.Release-R7|2018.ActiveCfg = Release-2018-R7|Any CPU
		{BC1BB58E-ED9E-48A0-84C7-50A738D76E48}.Release-R7|2018.Build.0 = Release-2018-R7|Any CPU
		{BC1BB58E-ED9E-48A0-84C7-50A738D76E48}.Release-R7|2019.ActiveCfg = Release-2019-R7|Any CPU
		{BC1BB58E-ED9E-48A0-84C7-50A738D76E48}.Release-R7|2019.Build.0 = Release-2019-R7|Any CPU
		{BC1BB58E-ED9E-48A0-84C7-50A738D76E48}.Release-R7|2020.ActiveCfg = Release-2020-R7|Any CPU
		{BC1BB58E-ED9E-48A0-84C7-50A738D76E48}.Release-R7|2020.Build.0 = Release-2020-R7|Any CPU
		{BC1BB58E-ED9E-48A0-84C7-50A738D76E48}.Release-R7|2021.ActiveCfg = Release-2021-R7|Any CPU
		{BC1BB58E-ED9E-48A0-84C7-50A738D76E48}.Release-R7|2021.Build.0 = Release-2021-R7|Any CPU
		{BC1BB58E-ED9E-48A0-84C7-50A738D76E48}.Release-R7|2022.ActiveCfg = Release-2022-R7|Any CPU
		{BC1BB58E-ED9E-48A0-84C7-50A738D76E48}.Release-R7|2022.Build.0 = Release-2022-R7|Any CPU
		{BC1BB58E-ED9E-48A0-84C7-50A738D76E48}.Release-R7|2023.ActiveCfg = Release-2023-R7|Any CPU
		{BC1BB58E-ED9E-48A0-84C7-50A738D76E48}.Release-R7|2023.Build.0 = Release-2023-R7|Any CPU
		{BC1BB58E-ED9E-48A0-84C7-50A738D76E48}.Release-R7|2024.ActiveCfg = Release-2024-R7|Any CPU
		{BC1BB58E-ED9E-48A0-84C7-50A738D76E48}.Release-R7|2024.Build.0 = Release-2024-R7|Any CPU
		{BC1BB58E-ED9E-48A0-84C7-50A738D76E48}.Release-R7|2025.ActiveCfg = Release-2025-R8|Any CPU
		{BC1BB58E-ED9E-48A0-84C7-50A738D76E48}.Release-R7|2026.ActiveCfg = Release-2026-R8|Any CPU
		{BC1BB58E-ED9E-48A0-84C7-50A738D76E48}.Release-R7|2027.ActiveCfg = Release-2026-R8|Any CPU
		{BC1BB58E-ED9E-48A0-84C7-50A738D76E48}.Release-R8|2018.ActiveCfg = Release-2018-R8|Any CPU
		{BC1BB58E-ED9E-48A0-84C7-50A738D76E48}.Release-R8|2018.Build.0 = Release-2018-R8|Any CPU
		{BC1BB58E-ED9E-48A0-84C7-50A738D76E48}.Release-R8|2019.ActiveCfg = Release-2019-R8|Any CPU
		{BC1BB58E-ED9E-48A0-84C7-50A738D76E48}.Release-R8|2019.Build.0 = Release-2019-R8|Any CPU
		{BC1BB58E-ED9E-48A0-84C7-50A738D76E48}.Release-R8|2020.ActiveCfg = Release-2020-R8|Any CPU
		{BC1BB58E-ED9E-48A0-84C7-50A738D76E48}.Release-R8|2020.Build.0 = Release-2020-R8|Any CPU
		{BC1BB58E-ED9E-48A0-84C7-50A738D76E48}.Release-R8|2021.ActiveCfg = Release-2021-R8|Any CPU
		{BC1BB58E-ED9E-48A0-84C7-50A738D76E48}.Release-R8|2021.Build.0 = Release-2021-R8|Any CPU
		{BC1BB58E-ED9E-48A0-84C7-50A738D76E48}.Release-R8|2022.ActiveCfg = Release-2022-R8|Any CPU
		{BC1BB58E-ED9E-48A0-84C7-50A738D76E48}.Release-R8|2022.Build.0 = Release-2022-R8|Any CPU
		{BC1BB58E-ED9E-48A0-84C7-50A738D76E48}.Release-R8|2023.ActiveCfg = Release-2023-R8|Any CPU
		{BC1BB58E-ED9E-48A0-84C7-50A738D76E48}.Release-R8|2023.Build.0 = Release-2023-R8|Any CPU
		{BC1BB58E-ED9E-48A0-84C7-50A738D76E48}.Release-R8|2024.ActiveCfg = Release-2024-R8|Any CPU
		{BC1BB58E-ED9E-48A0-84C7-50A738D76E48}.Release-R8|2024.Build.0 = Release-2024-R8|Any CPU
		{BC1BB58E-ED9E-48A0-84C7-50A738D76E48}.Release-R8|2025.ActiveCfg = Release-2025-R8|Any CPU
		{BC1BB58E-ED9E-48A0-84C7-50A738D76E48}.Release-R8|2025.Build.0 = Release-2025-R8|Any CPU
		{BC1BB58E-ED9E-48A0-84C7-50A738D76E48}.Release-R8|2026.ActiveCfg = Release-2026-R8|Any CPU
		{BC1BB58E-ED9E-48A0-84C7-50A738D76E48}.Release-R8|2026.Build.0 = Release-2026-R8|Any CPU
		{BC1BB58E-ED9E-48A0-84C7-50A738D76E48}.Release-R8|2027.ActiveCfg = Release-2026-R8|Any CPU
		{BC1BB58E-ED9E-48A0-84C7-50A738D76E48}.Release-R8|2027.Build.0 = Release-2026-R8|Any CPU
		{BC1BB58E-ED9E-48A0-84C7-50A738D76E48}.Release-R9|2018.ActiveCfg = Release-2018-R8|Any CPU
		{BC1BB58E-ED9E-48A0-84C7-50A738D76E48}.Release-R9|2019.ActiveCfg = Release-2019-R8|Any CPU
		{BC1BB58E-ED9E-48A0-84C7-50A738D76E48}.Release-R9|2020.ActiveCfg = Release-2020-R8|Any CPU
		{BC1BB58E-ED9E-48A0-84C7-50A738D76E48}.Release-R9|2021.ActiveCfg = Release-2021-R8|Any CPU
		{BC1BB58E-ED9E-48A0-84C7-50A738D76E48}.Release-R9|2022.ActiveCfg = Release-2022-R8|Any CPU
		{BC1BB58E-ED9E-48A0-84C7-50A738D76E48}.Release-R9|2023.ActiveCfg = Release-2023-R8|Any CPU
		{BC1BB58E-ED9E-48A0-84C7-50A738D76E48}.Release-R9|2024.ActiveCfg = Release-2024-R8|Any CPU
		{BC1BB58E-ED9E-48A0-84C7-50A738D76E48}.Release-R9|2025.ActiveCfg = Release-2025-R9|Any CPU
		{BC1BB58E-ED9E-48A0-84C7-50A738D76E48}.Release-R9|2025.Build.0 = Release-2025-R9|Any CPU
		{BC1BB58E-ED9E-48A0-84C7-50A738D76E48}.Release-R9|2026.ActiveCfg = Release-2026-R9|Any CPU
		{BC1BB58E-ED9E-48A0-84C7-50A738D76E48}.Release-R9|2026.Build.0 = Release-2026-R9|Any CPU
		{BC1BB58E-ED9E-48A0-84C7-50A738D76E48}.Release-R9|2027.ActiveCfg = Release-2027-R9|Any CPU
		{BC1BB58E-ED9E-48A0-84C7-50A738D76E48}.Release-R9|2027.Build.0 = Release-2027-R9|Any CPU
		{BBB3CEBA-FB9D-44D3-A547-1E65EE34BB09}.Debug-R7|2018.ActiveCfg = Debug-2018-R7|Any CPU
		{BBB3CEBA-FB9D-44D3-A547-1E65EE34BB09}.Debug-R7|2018.Build.0 = Debug-2018-R7|Any CPU
		{BBB3CEBA-FB9D-44D3-A547-1E65EE34BB09}.Debug-R7|2019.ActiveCfg = Debug-2019-R7|Any CPU
		{BBB3CEBA-FB9D-44D3-A547-1E65EE34BB09}.Debug-R7|2019.Build.0 = Debug-2019-R7|Any CPU
		{BBB3CEBA-FB9D-44D3-A547-1E65EE34BB09}.Debug-R7|2020.ActiveCfg = Debug-2020-R7|Any CPU
		{BBB3CEBA-FB9D-44D3-A547-1E65EE34BB09}.Debug-R7|2020.Build.0 = Debug-2020-R7|Any CPU
		{BBB3CEBA-FB9D-44D3-A547-1E65EE34BB09}.Debug-R7|2021.ActiveCfg = Debug-2021-R7|Any CPU
		{BBB3CEBA-FB9D-44D3-A547-1E65EE34BB09}.Debug-R7|2021.Build.0 = Debug-2021-R7|Any CPU
		{BBB3CEBA-FB9D-44D3-A547-1E65EE34BB09}.Debug-R7|2022.ActiveCfg = Debug-2022-R7|Any CPU
		{BBB3CEBA-FB9D-44D3-A547-1E65EE34BB09}.Debug-R7|2022.Build.0 = Debug-2022-R7|Any CPU
		{BBB3CEBA-FB9D-44D3-A547-1E65EE34BB09}.Debug-R7|2023.ActiveCfg = Debug-2023-R7|Any CPU
		{BBB3CEBA-FB9D-44D3-A547-1E65EE34BB09}.Debug-R7|2023.Build.0 = Debug-2023-R7|Any CPU
		{BBB3CEBA-FB9D-44D3-A547-1E65EE34BB09}.Debug-R7|2024.ActiveCfg = Debug-2024-R7|Any CPU
		{BBB3CEBA-FB9D-44D3-A547-1E65EE34BB09}.Debug-R7|2024.Build.0 = Debug-2024-R7|Any CPU
		{BBB3CEBA-FB9D-44D3-A547-1E65EE34BB09}.Debug-R7|2025.ActiveCfg = Debug-2025-R8|Any CPU
		{BBB3CEBA-FB9D-44D3-A547-1E65EE34BB09}.Debug-R7|2026.ActiveCfg = Debug-2026-R8|Any CPU
		{BBB3CEBA-FB9D-44D3-A547-1E65EE34BB09}.Debug-R7|2027.ActiveCfg = Debug-2026-R8|Any CPU
		{BBB3CEBA-FB9D-44D3-A547-1E65EE34BB09}.Debug-R8|2018.ActiveCfg = Debug-2018-R8|Any CPU
		{BBB3CEBA-FB9D-44D3-A547-1E65EE34BB09}.Debug-R8|2018.Build.0 = Debug-2018-R8|Any CPU
		{BBB3CEBA-FB9D-44D3-A547-1E65EE34BB09}.Debug-R8|2019.ActiveCfg = Debug-2019-R8|Any CPU
		{BBB3CEBA-FB9D-44D3-A547-1E65EE34BB09}.Debug-R8|2019.Build.0 = Debug-2019-R8|Any CPU
		{BBB3CEBA-FB9D-44D3-A547-1E65EE34BB09}.Debug-R8|2020.ActiveCfg = Debug-2020-R8|Any CPU
		{BBB3CEBA-FB9D-44D3-A547-1E65EE34BB09}.Debug-R8|2020.Build.0 = Debug-2020-R8|Any CPU
		{BBB3CEBA-FB9D-44D3-A547-1E65EE34BB09}.Debug-R8|2021.ActiveCfg = Debug-2021-R8|Any CPU
		{BBB3CEBA-FB9D-44D3-A547-1E65EE34BB09}.Debug-R8|2021.Build.0 = Debug-2021-R8|Any CPU
		{BBB3CEBA-FB9D-44D3-A547-1E65EE34BB09}.Debug-R8|2022.ActiveCfg = Debug-2022-R8|Any CPU
		{BBB3CEBA-FB9D-44D3-A547-1E65EE34BB09}.Debug-R8|2022.Build.0 = Debug-2022-R8|Any CPU
		{BBB3CEBA-FB9D-44D3-A547-1E65EE34BB09}.Debug-R8|2023.ActiveCfg = Debug-2023-R8|Any CPU
		{BBB3CEBA-FB9D-44D3-A547-1E65EE34BB09}.Debug-R8|2023.Build.0 = Debug-2023-R8|Any CPU
		{BBB3CEBA-FB9D-44D3-A547-1E65EE34BB09}.Debug-R8|2024.ActiveCfg = Debug-2024-R8|Any CPU
		{BBB3CEBA-FB9D-44D3-A547-1E65EE34BB09}.Debug-R8|2024.Build.0 = Debug-2024-R8|Any CPU
		{BBB3CEBA-FB9D-44D3-A547-1E65EE34BB09}.Debug-R8|2025.ActiveCfg = Debug-2025-R8|Any CPU
		{BBB3CEBA-FB9D-44D3-A547-1E65EE34BB09}.Debug-R8|2025.Build.0 = Debug-2025-R8|Any CPU
		{BBB3CEBA-FB9D-44D3-A547-1E65EE34BB09}.Debug-R8|2026.ActiveCfg = Debug-2026-R8|Any CPU
		{BBB3CEBA-FB9D-44D3-A547-1E65EE34BB09}.Debug-R8|2026.Build.0 = Debug-2026-R8|Any CPU
		{BBB3CEBA-FB9D-44D3-A547-1E65EE34BB09}.Debug-R8|2027.ActiveCfg = Debug-2026-R8|Any CPU
		{BBB3CEBA-FB9D-44D3-A547-1E65EE34BB09}.Debug-R8|2027.Build.0 = Debug-2026-R8|Any CPU
		{BBB3CEBA-FB9D-44D3-A547-1E65EE34BB09}.Debug-R9|2018.ActiveCfg = Debug-2018-R8|Any CPU
		{BBB3CEBA-FB9D-44D3-A547-1E65EE34BB09}.Debug-R9|2019.ActiveCfg = Debug-2019-R8|Any CPU
		{BBB3CEBA-FB9D-44D3-A547-1E65EE34BB09}.Debug-R9|2020.ActiveCfg = Debug-2020-R8|Any CPU
		{BBB3CEBA-FB9D-44D3-A547-1E65EE34BB09}.Debug-R9|2021.ActiveCfg = Debug-2021-R8|Any CPU
		{BBB3CEBA-FB9D-44D3-A547-1E65EE34BB09}.Debug-R9|2022.ActiveCfg = Debug-2022-R8|Any CPU
		{BBB3CEBA-FB9D-44D3-A547-1E65EE34BB09}.Debug-R9|2023.ActiveCfg = Debug-2023-R8|Any CPU
		{BBB3CEBA-FB9D-44D3-A547-1E65EE34BB09}.Debug-R9|2024.ActiveCfg = Debug-2024-R8|Any CPU
		{BBB3CEBA-FB9D-44D3-A547-1E65EE34BB09}.Debug-R9|2025.ActiveCfg = Debug-2025-R9|Any CPU
		{BBB3CEBA-FB9D-44D3-A547-1E65EE34BB09}.Debug-R9|2025.Build.0 = Debug-2025-R9|Any CPU
		{BBB3CEBA-FB9D-44D3-A547-1E65EE34BB09}.Debug-R9|2026.ActiveCfg = Debug-2026-R9|Any CPU
		{BBB3CEBA-FB9D-44D3-A547-1E65EE34BB09}.Debug-R9|2026.Build.0 = Debug-2026-R9|Any CPU
		{BBB3CEBA-FB9D-44D3-A547-1E65EE34BB09}.Debug-R9|2027.ActiveCfg = Debug-2027-R9|Any CPU
		{BBB3CEBA-FB9D-44D3-A547-1E65EE34BB09}.Debug-R9|2027.Build.0 = Debug-2027-R9|Any CPU
		{BBB3CEBA-FB9D-44D3-A547-1E65EE34BB09}.Release-R7|2018.ActiveCfg = Release-2018-R7|Any CPU
		{BBB3CEBA-FB9D-44D3-A547-1E65EE34BB09}.Release-R7|2018.Build.0 = Release-2018-R7|Any CPU
		{BBB3CEBA-FB9D-44D3-A547-1E65EE34BB09}.Release-R7|2019.ActiveCfg = Release-2019-R7|Any CPU
		{BBB3CEBA-FB9D-44D3-A547-1E65EE34BB09}.Release-R7|2019.Build.0 = Release-2019-R7|Any CPU
		{BBB3CEBA-FB9D-44D3-A547-1E65EE34BB09}.Release-R7|2020.ActiveCfg = Release-2020-R7|Any CPU
		{BBB3CEBA-FB9D-44D3-A547-1E65EE34BB09}.Release-R7|2020.Build.0 = Release-2020-R7|Any CPU
		{BBB3CEBA-FB9D-44D3-A547-1E65EE34BB09}.Release-R7|2021.ActiveCfg = Release-2021-R7|Any CPU
		{BBB3CEBA-FB9D-44D3-A547-1E65EE34BB09}.Release-R7|2021.Build.0 = Release-2021-R7|Any CPU
		{BBB3CEBA-FB9D-44D3-A547-1E65EE34BB09}.Release-R7|2022.ActiveCfg = Release-2022-R7|Any CPU
		{BBB3CEBA-FB9D-44D3-A547-1E65EE34BB09}.Release-R7|2022.Build.0 = Release-2022-R7|Any CPU
		{BBB3CEBA-FB9D-44D3-A547-1E65EE34BB09}.Release-R7|2023.ActiveCfg = Release-2023-R7|Any CPU
		{BBB3CEBA-FB9D-44D3-A547-1E65EE34BB09}.Release-R7|2023.Build.0 = Release-2023-R7|Any CPU
		{BBB3CEBA-FB9D-44D3-A547-1E65EE34BB09}.Release-R7|2024.ActiveCfg = Release-2024-R7|Any CPU
		{BBB3CEBA-FB9D-44D3-A547-1E65EE34BB09}.Release-R7|2024.Build.0 = Release-2024-R7|Any CPU
		{BBB3CEBA-FB9D-44D3-A547-1E65EE34BB09}.Release-R7|2025.ActiveCfg = Release-2025-R8|Any CPU
		{BBB3CEBA-FB9D-44D3-A547-1E65EE34BB09}.Release-R7|2026.ActiveCfg = Release-2026-R8|Any CPU
		{BBB3CEBA-FB9D-44D3-A547-1E65EE34BB09}.Release-R7|2027.ActiveCfg = Release-2026-R8|Any CPU
		{BBB3CEBA-FB9D-44D3-A547-1E65EE34BB09}.Release-R8|2018.ActiveCfg = Release-2018-R8|Any CPU
		{BBB3CEBA-FB9D-44D3-A547-1E65EE34BB09}.Release-R8|2018.Build.0 = Release-2018-R8|Any CPU
		{BBB3CEBA-FB9D-44D3-A547-1E65EE34BB09}.Release-R8|2019.ActiveCfg = Release-2019-R8|Any CPU
		{BBB3CEBA-FB9D-44D3-A547-1E65EE34BB09}.Release-R8|2019.Build.0 = Release-2019-R8|Any CPU
		{BBB3CEBA-FB9D-44D3-A547-1E65EE34BB09}.Release-R8|2020.ActiveCfg = Release-2020-R8|Any CPU
		{BBB3CEBA-FB9D-44D3-A547-1E65EE34BB09}.Release-R8|2020.Build.0 = Release-2020-R8|Any CPU
		{BBB3CEBA-FB9D-44D3-A547-1E65EE34BB09}.Release-R8|2021.ActiveCfg = Release-2021-R8|Any CPU
		{BBB3CEBA-FB9D-44D3-A547-1E65EE34BB09}.Release-R8|2021.Build.0 = Release-2021-R8|Any CPU
		{BBB3CEBA-FB9D-44D3-A547-1E65EE34BB09}.Release-R8|2022.ActiveCfg = Release-2022-R8|Any CPU
		{BBB3CEBA-FB9D-44D3-A547-1E65EE34BB09}.Release-R8|2022.Build.0 = Release-2022-R8|Any CPU
		{BBB3CEBA-FB9D-44D3-A547-1E65EE34BB09}.Release-R8|2023.ActiveCfg = Release-2023-R8|Any CPU
		{BBB3CEBA-FB9D-44D3-A547-1E65EE34BB09}.Release-R8|2023.Build.0 = Release-2023-R8|Any CPU
		{BBB3CEBA-FB9D-44D3-A547-1E65EE34BB09}.Release-R8|2024.ActiveCfg = Release-2024-R8|Any CPU
		{BBB3CEBA-FB9D-44D3-A547-1E65EE34BB09}.Release-R8|2024.Build.0 = Release-2024-R8|Any CPU
		{BBB3CEBA-FB9D-44D3-A547-1E65EE34BB09}.Release-R8|2025.ActiveCfg = Release-2025-R8|Any CPU
		{BBB3CEBA-FB9D-44D3-A547-1E65EE34BB09}.Release-R8|2025.Build.0 = Release-2025-R8|Any CPU
		{BBB3CEBA-FB9D-44D3-A547-1E65EE34BB09}.Release-R8|2026.ActiveCfg = Release-2026-R8|Any CPU
		{BBB3CEBA-FB9D-44D3-A547-1E65EE34BB09}.Release-R8|2026.Build.0 = Release-2026-R8|Any CPU
		{BBB3CEBA-FB9D-44D3-A547-1E65EE34BB09}.Release-R8|2027.ActiveCfg = Release-2026-R8|Any CPU
		{BBB3CEBA-FB9D-44D3-A547-1E65EE34BB09}.Release-R8|2027.Build.0 = Release-2026-R8|Any CPU
		{BBB3CEBA-FB9D-44D3-A547-1E65EE34BB09}.Release-R9|2018.ActiveCfg = Release-2018-R8|Any CPU
		{BBB3CEBA-FB9D-44D3-A547-1E65EE34BB09}.Release-R9|2019.ActiveCfg = Release-2019-R8|Any CPU
		{BBB3CEBA-FB9D-44D3-A547-1E65EE34BB09}.Release-R9|2020.ActiveCfg = Release-2020-R8|Any CPU
		{BBB3CEBA-FB9D-44D3-A547-1E65EE34BB09}.Release-R9|2021.ActiveCfg = Release-2021-R8|Any CPU
		{BBB3CEBA-FB9D-44D3-A547-1E65EE34BB09}.Release-R9|2022.ActiveCfg = Release-2022-R8|Any CPU
		{BBB3CEBA-FB9D-44D3-A547-1E65EE34BB09}.Release-R9|2023.ActiveCfg = Release-2023-R8|Any CPU
		{BBB3CEBA-FB9D-44D3-A547-1E65EE34BB09}.Release-R9|2024.ActiveCfg = Release-2024-R8|Any CPU
		{BBB3CEBA-FB9D-44D3-A547-1E65EE34BB09}.Release-R9|2025.ActiveCfg = Release-2025-R9|Any CPU
		{BBB3CEBA-FB9D-44D3-A547-1E65EE34BB09}.Release-R9|2025.Build.0 = Release-2025-R9|Any CPU
		{BBB3CEBA-FB9D-44D3-A547-1E65EE34BB09}.Release-R9|2026.ActiveCfg = Release-2026-R9|Any CPU
		{BBB3CEBA-FB9D-44D3-A547-1E65EE34BB09}.Release-R9|2026.Build.0 = Release-2026-R9|Any CPU
		{BBB3CEBA-FB9D-44D3-A547-1E65EE34BB09}.Release-R9|2027.ActiveCfg = Release-2027-R9|Any CPU
		{BBB3CEBA-FB9D-44D3-A547-1E65EE34BB09}.Release-R9|2027.Build.0 = Release-2027-R9|Any CPU
		{F2AA3A7B-68B4-43FB-9F7A-CE42284CAE2B}.Debug-R7|2018.ActiveCfg = Debug-2018-R7|Any CPU
		{F2AA3A7B-68B4-43FB-9F7A-CE42284CAE2B}.Debug-R7|2018.Build.0 = Debug-2018-R7|Any CPU
		{F2AA3A7B-68B4-43FB-9F7A-CE42284CAE2B}.Debug-R7|2019.ActiveCfg = Debug-2019-R7|Any CPU
		{F2AA3A7B-68B4-43FB-9F7A-CE42284CAE2B}.Debug-R7|2019.Build.0 = Debug-2019-R7|Any CPU
		{F2AA3A7B-68B4-43FB-9F7A-CE42284CAE2B}.Debug-R7|2020.ActiveCfg = Debug-2020-R7|Any CPU
		{F2AA3A7B-68B4-43FB-9F7A-CE42284CAE2B}.Debug-R7|2020.Build.0 = Debug-2020-R7|Any CPU
		{F2AA3A7B-68B4-43FB-9F7A-CE42284CAE2B}.Debug-R7|2021.ActiveCfg = Debug-2021-R7|Any CPU
		{F2AA3A7B-68B4-43FB-9F7A-CE42284CAE2B}.Debug-R7|2021.Build.0 = Debug-2021-R7|Any CPU
		{F2AA3A7B-68B4-43FB-9F7A-CE42284CAE2B}.Debug-R7|2022.ActiveCfg = Debug-2022-R7|Any CPU
		{F2AA3A7B-68B4-43FB-9F7A-CE42284CAE2B}.Debug-R7|2022.Build.0 = Debug-2022-R7|Any CPU
		{F2AA3A7B-68B4-43FB-9F7A-CE42284CAE2B}.Debug-R7|2023.ActiveCfg = Debug-2023-R7|Any CPU
		{F2AA3A7B-68B4-43FB-9F7A-CE42284CAE2B}.Debug-R7|2023.Build.0 = Debug-2023-R7|Any CPU
		{F2AA3A7B-68B4-43FB-9F7A-CE42284CAE2B}.Debug-R7|2024.ActiveCfg = Debug-2024-R7|Any CPU
		{F2AA3A7B-68B4-43FB-9F7A-CE42284CAE2B}.Debug-R7|2024.Build.0 = Debug-2024-R7|Any CPU
		{F2AA3A7B-68B4-43FB-9F7A-CE42284CAE2B}.Debug-R7|2025.ActiveCfg = Debug-2025-R8|Any CPU
		{F2AA3A7B-68B4-43FB-9F7A-CE42284CAE2B}.Debug-R7|2026.ActiveCfg = Debug-2026-R8|Any CPU
		{F2AA3A7B-68B4-43FB-9F7A-CE42284CAE2B}.Debug-R7|2027.ActiveCfg = Debug-2026-R8|Any CPU
		{F2AA3A7B-68B4-43FB-9F7A-CE42284CAE2B}.Debug-R8|2018.ActiveCfg = Debug-2018-R8|Any CPU
		{F2AA3A7B-68B4-43FB-9F7A-CE42284CAE2B}.Debug-R8|2018.Build.0 = Debug-2018-R8|Any CPU
		{F2AA3A7B-68B4-43FB-9F7A-CE42284CAE2B}.Debug-R8|2019.ActiveCfg = Debug-2019-R8|Any CPU
		{F2AA3A7B-68B4-43FB-9F7A-CE42284CAE2B}.Debug-R8|2019.Build.0 = Debug-2019-R8|Any CPU
		{F2AA3A7B-68B4-43FB-9F7A-CE42284CAE2B}.Debug-R8|2020.ActiveCfg = Debug-2020-R8|Any CPU
		{F2AA3A7B-68B4-43FB-9F7A-CE42284CAE2B}.Debug-R8|2020.Build.0 = Debug-2020-R8|Any CPU
		{F2AA3A7B-68B4-43FB-9F7A-CE42284CAE2B}.Debug-R8|2021.ActiveCfg = Debug-2021-R8|Any CPU
		{F2AA3A7B-68B4-43FB-9F7A-CE42284CAE2B}.Debug-R8|2021.Build.0 = Debug-2021-R8|Any CPU
		{F2AA3A7B-68B4-43FB-9F7A-CE42284CAE2B}.Debug-R8|2022.ActiveCfg = Debug-2022-R8|Any CPU
		{F2AA3A7B-68B4-43FB-9F7A-CE42284CAE2B}.Debug-R8|2022.Build.0 = Debug-2022-R8|Any CPU
		{F2AA3A7B-68B4-43FB-9F7A-CE42284CAE2B}.Debug-R8|2023.ActiveCfg = Debug-2023-R8|Any CPU
		{F2AA3A7B-68B4-43FB-9F7A-CE42284CAE2B}.Debug-R8|2023.Build.0 = Debug-2023-R8|Any CPU
		{F2AA3A7B-68B4-43FB-9F7A-CE42284CAE2B}.Debug-R8|2024.ActiveCfg = Debug-2024-R8|Any CPU
		{F2AA3A7B-68B4-43FB-9F7A-CE42284CAE2B}.Debug-R8|2024.Build.0 = Debug-2024-R8|Any CPU
		{F2AA3A7B-68B4-43FB-9F7A-CE42284CAE2B}.Debug-R8|2025.ActiveCfg = Debug-2025-R8|Any CPU
		{F2AA3A7B-68B4-43FB-9F7A-CE42284CAE2B}.Debug-R8|2025.Build.0 = Debug-2025-R8|Any CPU
		{F2AA3A7B-68B4-43FB-9F7A-CE42284CAE2B}.Debug-R8|2026.ActiveCfg = Debug-2026-R8|Any CPU
		{F2AA3A7B-68B4-43FB-9F7A-CE42284CAE2B}.Debug-R8|2026.Build.0 = Debug-2026-R8|Any CPU
		{F2AA3A7B-68B4-43FB-9F7A-CE42284CAE2B}.Debug-R8|2027.ActiveCfg = Debug-2026-R8|Any CPU
		{F2AA3A7B-68B4-43FB-9F7A-CE42284CAE2B}.Debug-R8|2027.Build.0 = Debug-2026-R8|Any CPU
		{F2AA3A7B-68B4-43FB-9F7A-CE42284CAE2B}.Debug-R9|2018.ActiveCfg = Debug-2018-R8|Any CPU
		{F2AA3A7B-68B4-43FB-9F7A-CE42284CAE2B}.Debug-R9|2019.ActiveCfg = Debug-2019-R8|Any CPU
		{F2AA3A7B-68B4-43FB-9F7A-CE42284CAE2B}.Debug-R9|2020.ActiveCfg = Debug-2020-R8|Any CPU
		{F2AA3A7B-68B4-43FB-9F7A-CE42284CAE2B}.Debug-R9|2021.ActiveCfg = Debug-2021-R8|Any CPU
		{F2AA3A7B-68B4-43FB-9F7A-CE42284CAE2B}.Debug-R9|2022.ActiveCfg = Debug-2022-R8|Any CPU
		{F2AA3A7B-68B4-43FB-9F7A-CE42284CAE2B}.Debug-R9|2023.ActiveCfg = Debug-2023-R8|Any CPU
		{F2AA3A7B-68B4-43FB-9F7A-CE42284CAE2B}.Debug-R9|2024.ActiveCfg = Debug-2024-R8|Any CPU
		{F2AA3A7B-68B4-43FB-9F7A-CE42284CAE2B}.Debug-R9|2025.ActiveCfg = Debug-2025-R9|Any CPU
		{F2AA3A7B-68B4-43FB-9F7A-CE42284CAE2B}.Debug-R9|2025.Build.0 = Debug-2025-R9|Any CPU
		{F2AA3A7B-68B4-43FB-9F7A-CE42284CAE2B}.Debug-R9|2026.ActiveCfg = Debug-2026-R9|Any CPU
		{F2AA3A7B-68B4-43FB-9F7A-CE42284CAE2B}.Debug-R9|2026.Build.0 = Debug-2026-R9|Any CPU
		{F2AA3A7B-68B4-43FB-9F7A-CE42284CAE2B}.Debug-R9|2027.ActiveCfg = Debug-2027-R9|Any CPU
		{F2AA3A7B-68B4-43FB-9F7A-CE42284CAE2B}.Debug-R9|2027.Build.0 = Debug-2027-R9|Any CPU
		{F2AA3A7B-68B4-43FB-9F7A-CE42284CAE2B}.Release-R7|2018.ActiveCfg = Release-2018-R7|Any CPU
		{F2AA3A7B-68B4-43FB-9F7A-CE42284CAE2B}.Release-R7|2018.Build.0 = Release-2018-R7|Any CPU
		{F2AA3A7B-68B4-43FB-9F7A-CE42284CAE2B}.Release-R7|2019.ActiveCfg = Release-2019-R7|Any CPU
		{F2AA3A7B-68B4-43FB-9F7A-CE42284CAE2B}.Release-R7|2019.Build.0 = Release-2019-R7|Any CPU
		{F2AA3A7B-68B4-43FB-9F7A-CE42284CAE2B}.Release-R7|2020.ActiveCfg = Release-2020-R7|Any CPU
		{F2AA3A7B-68B4-43FB-9F7A-CE42284CAE2B}.Release-R7|2020.Build.0 = Release-2020-R7|Any CPU
		{F2AA3A7B-68B4-43FB-9F7A-CE42284CAE2B}.Release-R7|2021.ActiveCfg = Release-2021-R7|Any CPU
		{F2AA3A7B-68B4-43FB-9F7A-CE42284CAE2B}.Release-R7|2021.Build.0 = Release-2021-R7|Any CPU
		{F2AA3A7B-68B4-43FB-9F7A-CE42284CAE2B}.Release-R7|2022.ActiveCfg = Release-2022-R7|Any CPU
		{F2AA3A7B-68B4-43FB-9F7A-CE42284CAE2B}.Release-R7|2022.Build.0 = Release-2022-R7|Any CPU
		{F2AA3A7B-68B4-43FB-9F7A-CE42284CAE2B}.Release-R7|2023.ActiveCfg = Release-2023-R7|Any CPU
		{F2AA3A7B-68B4-43FB-9F7A-CE42284CAE2B}.Release-R7|2023.Build.0 = Release-2023-R7|Any CPU
		{F2AA3A7B-68B4-43FB-9F7A-CE42284CAE2B}.Release-R7|2024.ActiveCfg = Release-2024-R7|Any CPU
		{F2AA3A7B-68B4-43FB-9F7A-CE42284CAE2B}.Release-R7|2024.Build.0 = Release-2024-R7|Any CPU
		{F2AA3A7B-68B4-43FB-9F7A-CE42284CAE2B}.Release-R7|2025.ActiveCfg = Release-2025-R8|Any CPU
		{F2AA3A7B-68B4-43FB-9F7A-CE42284CAE2B}.Release-R7|2026.ActiveCfg = Release-2026-R8|Any CPU
		{F2AA3A7B-68B4-43FB-9F7A-CE42284CAE2B}.Release-R7|2027.ActiveCfg = Release-2026-R8|Any CPU
		{F2AA3A7B-68B4-43FB-9F7A-CE42284CAE2B}.Release-R8|2018.ActiveCfg = Release-2018-R8|Any CPU
		{F2AA3A7B-68B4-43FB-9F7A-CE42284CAE2B}.Release-R8|2018.Build.0 = Release-2018-R8|Any CPU
		{F2AA3A7B-68B4-43FB-9F7A-CE42284CAE2B}.Release-R8|2019.ActiveCfg = Release-2019-R8|Any CPU
		{F2AA3A7B-68B4-43FB-9F7A-CE42284CAE2B}.Release-R8|2019.Build.0 = Release-2019-R8|Any CPU
		{F2AA3A7B-68B4-43FB-9F7A-CE42284CAE2B}.Release-R8|2020.ActiveCfg = Release-2020-R8|Any CPU
		{F2AA3A7B-68B4-43FB-9F7A-CE42284CAE2B}.Release-R8|2020.Build.0 = Release-2020-R8|Any CPU
		{F2AA3A7B-68B4-43FB-9F7A-CE42284CAE2B}.Release-R8|2021.ActiveCfg = Release-2021-R8|Any CPU
		{F2AA3A7B-68B4-43FB-9F7A-CE42284CAE2B}.Release-R8|2021.Build.0 = Release-2021-R8|Any CPU
		{F2AA3A7B-68B4-43FB-9F7A-CE42284CAE2B}.Release-R8|2022.ActiveCfg = Release-2022-R8|Any CPU
		{F2AA3A7B-68B4-43FB-9F7A-CE42284CAE2B}.Release-R8|2022.Build.0 = Release-2022-R8|Any CPU
		{F2AA3A7B-68B4-43FB-9F7A-CE42284CAE2B}.Release-R8|2023.ActiveCfg = Release-2023-R8|Any CPU
		{F2AA3A7B-68B4-43FB-9F7A-CE42284CAE2B}.Release-R8|2023.Build.0 = Release-2023-R8|Any CPU
		{F2AA3A7B-68B4-43FB-9F7A-CE42284CAE2B}.Release-R8|2024.ActiveCfg = Release-2024-R8|Any CPU
		{F2AA3A7B-68B4-43FB-9F7A-CE42284CAE2B}.Release-R8|2024.Build.0 = Release-2024-R8|Any CPU
		{F2AA3A7B-68B4-43FB-9F7A-CE42284CAE2B}.Release-R8|2025.ActiveCfg = Release-2025-R8|Any CPU
		{F2AA3A7B-68B4-43FB-9F7A-CE42284CAE2B}.Release-R8|2025.Build.0 = Release-2025-R8|Any CPU
		{F2AA3A7B-68B4-43FB-9F7A-CE42284CAE2B}.Release-R8|2026.ActiveCfg = Release-2026-R8|Any CPU
		{F2AA3A7B-68B4-43FB-9F7A-CE42284CAE2B}.Release-R8|2026.Build.0 = Release-2026-R8|Any CPU
		{F2AA3A7B-68B4-43FB-9F7A-CE42284CAE2B}.Release-R8|2027.ActiveCfg = Release-2026-R8|Any CPU
		{F2AA3A7B-68B4-43FB-9F7A-CE42284CAE2B}.Release-R8|2027.Build.0 = Release-2026-R8|Any CPU
		{F2AA3A7B-68B4-43FB-9F7A-CE42284CAE2B}.Release-R9|2018.ActiveCfg = Release-2018-R8|Any CPU
		{F2AA3A7B-68B4-43FB-9F7A-CE42284CAE2B}.Release-R9|2019.ActiveCfg = Release-2019-R8|Any CPU
		{F2AA3A7B-68B4-43FB-9F7A-CE42284CAE2B}.Release-R9|2020.ActiveCfg = Release-2020-R8|Any CPU
		{F2AA3A7B-68B4-43FB-9F7A-CE42284CAE2B}.Release-R9|2021.ActiveCfg = Release-2021-R8|Any CPU
		{F2AA3A7B-68B4-43FB-9F7A-CE42284CAE2B}.Release-R9|2022.ActiveCfg = Release-2022-R8|Any CPU
		{F2AA3A7B-68B4-43FB-9F7A-CE42284CAE2B}.Release-R9|2023.ActiveCfg = Release-2023-R8|Any CPU
		{F2AA3A7B-68B4-43FB-9F7A-CE42284CAE2B}.Release-R9|2024.ActiveCfg = Release-2024-R8|Any CPU
		{F2AA3A7B-68B4-43FB-9F7A-CE42284CAE2B}.Release-R9|2025.ActiveCfg = Release-2025-R9|Any CPU
		{F2AA3A7B-68B4-43FB-9F7A-CE42284CAE2B}.Release-R9|2025.Build.0 = Release-2025-R9|Any CPU
		{F2AA3A7B-68B4-43FB-9F7A-CE42284CAE2B}.Release-R9|2026.ActiveCfg = Release-2026-R9|Any CPU
		{F2AA3A7B-68B4-43FB-9F7A-CE42284CAE2B}.Release-R9|2026.Build.0 = Release-2026-R9|Any CPU
		{F2AA3A7B-68B4-43FB-9F7A-CE42284CAE2B}.Release-R9|2027.ActiveCfg = Release-2027-R9|Any CPU
		{F2AA3A7B-68B4-43FB-9F7A-CE42284CAE2B}.Release-R9|2027.Build.0 = Release-2027-R9|Any CPU
		{A8D40701-5B58-4CFB-BE26-41DFCA0C853F}.Debug-R7|2018.ActiveCfg = Debug-2018-R7|Any CPU
		{A8D40701-5B58-4CFB-BE26-41DFCA0C853F}.Debug-R7|2018.Build.0 = Debug-2018-R7|Any CPU
		{A8D40701-5B58-4CFB-BE26-41DFCA0C853F}.Debug-R7|2019.ActiveCfg = Debug-2019-R7|Any CPU
		{A8D40701-5B58-4CFB-BE26-41DFCA0C853F}.Debug-R7|2019.Build.0 = Debug-2019-R7|Any CPU
		{A8D40701-5B58-4CFB-BE26-41DFCA0C853F}.Debug-R7|2020.ActiveCfg = Debug-2020-R7|Any CPU
		{A8D40701-5B58-4CFB-BE26-41DFCA0C853F}.Debug-R7|2020.Build.0 = Debug-2020-R7|Any CPU
		{A8D40701-5B58-4CFB-BE26-41DFCA0C853F}.Debug-R7|2021.ActiveCfg = Debug-2021-R7|Any CPU
		{A8D40701-5B58-4CFB-BE26-41DFCA0C853F}.Debug-R7|2021.Build.0 = Debug-2021-R7|Any CPU
		{A8D40701-5B58-4CFB-BE26-41DFCA0C853F}.Debug-R7|2022.ActiveCfg = Debug-2022-R7|Any CPU
		{A8D40701-5B58-4CFB-BE26-41DFCA0C853F}.Debug-R7|2022.Build.0 = Debug-2022-R7|Any CPU
		{A8D40701-5B58-4CFB-BE26-41DFCA0C853F}.Debug-R7|2023.ActiveCfg = Debug-2023-R7|Any CPU
		{A8D40701-5B58-4CFB-BE26-41DFCA0C853F}.Debug-R7|2023.Build.0 = Debug-2023-R7|Any CPU
		{A8D40701-5B58-4CFB-BE26-41DFCA0C853F}.Debug-R7|2024.ActiveCfg = Debug-2024-R7|Any CPU
		{A8D40701-5B58-4CFB-BE26-41DFCA0C853F}.Debug-R7|2024.Build.0 = Debug-2024-R7|Any CPU
		{A8D40701-5B58-4CFB-BE26-41DFCA0C853F}.Debug-R7|2025.ActiveCfg = Debug-2025-R8|Any CPU
		{A8D40701-5B58-4CFB-BE26-41DFCA0C853F}.Debug-R7|2026.ActiveCfg = Debug-2026-R8|Any CPU
		{A8D40701-5B58-4CFB-BE26-41DFCA0C853F}.Debug-R7|2027.ActiveCfg = Debug-2026-R8|Any CPU
		{A8D40701-5B58-4CFB-BE26-41DFCA0C853F}.Debug-R8|2018.ActiveCfg = Debug-2018-R8|Any CPU
		{A8D40701-5B58-4CFB-BE26-41DFCA0C853F}.Debug-R8|2018.Build.0 = Debug-2018-R8|Any CPU
		{A8D40701-5B58-4CFB-BE26-41DFCA0C853F}.Debug-R8|2019.ActiveCfg = Debug-2019-R8|Any CPU
		{A8D40701-5B58-4CFB-BE26-41DFCA0C853F}.Debug-R8|2019.Build.0 = Debug-2019-R8|Any CPU
		{A8D40701-5B58-4CFB-BE26-41DFCA0C853F}.Debug-R8|2020.ActiveCfg = Debug-2020-R8|Any CPU
		{A8D40701-5B58-4CFB-BE26-41DFCA0C853F}.Debug-R8|2020.Build.0 = Debug-2020-R8|Any CPU
		{A8D40701-5B58-4CFB-BE26-41DFCA0C853F}.Debug-R8|2021.ActiveCfg = Debug-2021-R8|Any CPU
		{A8D40701-5B58-4CFB-BE26-41DFCA0C853F}.Debug-R8|2021.Build.0 = Debug-2021-R8|Any CPU
		{A8D40701-5B58-4CFB-BE26-41DFCA0C853F}.Debug-R8|2022.ActiveCfg = Debug-2022-R8|Any CPU
		{A8D40701-5B58-4CFB-BE26-41DFCA0C853F}.Debug-R8|2022.Build.0 = Debug-2022-R8|Any CPU
		{A8D40701-5B58-4CFB-BE26-41DFCA0C853F}.Debug-R8|2023.ActiveCfg = Debug-2023-R8|Any CPU
		{A8D40701-5B58-4CFB-BE26-41DFCA0C853F}.Debug-R8|2023.Build.0 = Debug-2023-R8|Any CPU
		{A8D40701-5B58-4CFB-BE26-41DFCA0C853F}.Debug-R8|2024.ActiveCfg = Debug-2024-R8|Any CPU
		{A8D40701-5B58-4CFB-BE26-41DFCA0C853F}.Debug-R8|2024.Build.0 = Debug-2024-R8|Any CPU
		{A8D40701-5B58-4CFB-BE26-41DFCA0C853F}.Debug-R8|2025.ActiveCfg = Debug-2025-R8|Any CPU
		{A8D40701-5B58-4CFB-BE26-41DFCA0C853F}.Debug-R8|2025.Build.0 = Debug-2025-R8|Any CPU
		{A8D40701-5B58-4CFB-BE26-41DFCA0C853F}.Debug-R8|2026.ActiveCfg = Debug-2026-R8|Any CPU
		{A8D40701-5B58-4CFB-BE26-41DFCA0C853F}.Debug-R8|2026.Build.0 = Debug-2026-R8|Any CPU
		{A8D40701-5B58-4CFB-BE26-41DFCA0C853F}.Debug-R8|2027.ActiveCfg = Debug-2026-R8|Any CPU
		{A8D40701-5B58-4CFB-BE26-41DFCA0C853F}.Debug-R8|2027.Build.0 = Debug-2026-R8|Any CPU
		{A8D40701-5B58-4CFB-BE26-41DFCA0C853F}.Debug-R9|2018.ActiveCfg = Debug-2018-R8|Any CPU
		{A8D40701-5B58-4CFB-BE26-41DFCA0C853F}.Debug-R9|2019.ActiveCfg = Debug-2019-R8|Any CPU
		{A8D40701-5B58-4CFB-BE26-41DFCA0C853F}.Debug-R9|2020.ActiveCfg = Debug-2020-R8|Any CPU
		{A8D40701-5B58-4CFB-BE26-41DFCA0C853F}.Debug-R9|2021.ActiveCfg = Debug-2021-R8|Any CPU
		{A8D40701-5B58-4CFB-BE26-41DFCA0C853F}.Debug-R9|2022.ActiveCfg = Debug-2022-R8|Any CPU
		{A8D40701-5B58-4CFB-BE26-41DFCA0C853F}.Debug-R9|2023.ActiveCfg = Debug-2023-R8|Any CPU
		{A8D40701-5B58-4CFB-BE26-41DFCA0C853F}.Debug-R9|2024.ActiveCfg = Debug-2024-R8|Any CPU
		{A8D40701-5B58-4CFB-BE26-41DFCA0C853F}.Debug-R9|2025.ActiveCfg = Debug-2025-R9|Any CPU
		{A8D40701-5B58-4CFB-BE26-41DFCA0C853F}.Debug-R9|2025.Build.0 = Debug-2025-R9|Any CPU
		{A8D40701-5B58-4CFB-BE26-41DFCA0C853F}.Debug-R9|2026.ActiveCfg = Debug-2026-R9|Any CPU
		{A8D40701-5B58-4CFB-BE26-41DFCA0C853F}.Debug-R9|2026.Build.0 = Debug-2026-R9|Any CPU
		{A8D40701-5B58-4CFB-BE26-41DFCA0C853F}.Debug-R9|2027.ActiveCfg = Debug-2027-R9|Any CPU
		{A8D40701-5B58-4CFB-BE26-41DFCA0C853F}.Debug-R9|2027.Build.0 = Debug-2027-R9|Any CPU
		{A8D40701-5B58-4CFB-BE26-41DFCA0C853F}.Release-R7|2018.ActiveCfg = Release-2018-R7|Any CPU
		{A8D40701-5B58-4CFB-BE26-41DFCA0C853F}.Release-R7|2018.Build.0 = Release-2018-R7|Any CPU
		{A8D40701-5B58-4CFB-BE26-41DFCA0C853F}.Release-R7|2019.ActiveCfg = Release-2019-R7|Any CPU
		{A8D40701-5B58-4CFB-BE26-41DFCA0C853F}.Release-R7|2019.Build.0 = Release-2019-R7|Any CPU
		{A8D40701-5B58-4CFB-BE26-41DFCA0C853F}.Release-R7|2020.ActiveCfg = Release-2020-R7|Any CPU
		{A8D40701-5B58-4CFB-BE26-41DFCA0C853F}.Release-R7|2020.Build.0 = Release-2020-R7|Any CPU
		{A8D40701-5B58-4CFB-BE26-41DFCA0C853F}.Release-R7|2021.ActiveCfg = Release-2021-R7|Any CPU
		{A8D40701-5B58-4CFB-BE26-41DFCA0C853F}.Release-R7|2021.Build.0 = Release-2021-R7|Any CPU
		{A8D40701-5B58-4CFB-BE26-41DFCA0C853F}.Release-R7|2022.ActiveCfg = Release-2022-R7|Any CPU
		{A8D40701-5B58-4CFB-BE26-41DFCA0C853F}.Release-R7|2022.Build.0 = Release-2022-R7|Any CPU
		{A8D40701-5B58-4CFB-BE26-41DFCA0C853F}.Release-R7|2023.ActiveCfg = Release-2023-R7|Any CPU
		{A8D40701-5B58-4CFB-BE26-41DFCA0C853F}.Release-R7|2023.Build.0 = Release-2023-R7|Any CPU
		{A8D40701-5B58-4CFB-BE26-41DFCA0C853F}.Release-R7|2024.ActiveCfg = Release-2024-R7|Any CPU
		{A8D40701-5B58-4CFB-BE26-41DFCA0C853F}.Release-R7|2024.Build.0 = Release-2024-R7|Any CPU
		{A8D40701-5B58-4CFB-BE26-41DFCA0C853F}.Release-R7|2025.ActiveCfg = Release-2025-R8|Any CPU
		{A8D40701-5B58-4CFB-BE26-41DFCA0C853F}.Release-R7|2026.ActiveCfg = Release-2026-R8|Any CPU
		{A8D40701-5B58-4CFB-BE26-41DFCA0C853F}.Release-R7|2027.ActiveCfg = Release-2026-R8|Any CPU
		{A8D40701-5B58-4CFB-BE26-41DFCA0C853F}.Release-R8|2018.ActiveCfg = Release-2018-R8|Any CPU
		{A8D40701-5B58-4CFB-BE26-41DFCA0C853F}.Release-R8|2018.Build.0 = Release-2018-R8|Any CPU
		{A8D40701-5B58-4CFB-BE26-41DFCA0C853F}.Release-R8|2019.ActiveCfg = Release-2019-R8|Any CPU
		{A8D40701-5B58-4CFB-BE26-41DFCA0C853F}.Release-R8|2019.Build.0 = Release-2019-R8|Any CPU
		{A8D40701-5B58-4CFB-BE26-41DFCA0C853F}.Release-R8|2020.ActiveCfg = Release-2020-R8|Any CPU
		{A8D40701-5B58-4CFB-BE26-41DFCA0C853F}.Release-R8|2020.Build.0 = Release-2020-R8|Any CPU
		{A8D40701-5B58-4CFB-BE26-41DFCA0C853F}.Release-R8|2021.ActiveCfg = Release-2021-R8|Any CPU
		{A8D40701-5B58-4CFB-BE26-41DFCA0C853F}.Release-R8|2021.Build.0 = Release-2021-R8|Any CPU
		{A8D40701-5B58-4CFB-BE26-41DFCA0C853F}.Release-R8|2022.ActiveCfg = Release-2022-R8|Any CPU
		{A8D40701-5B58-4CFB-BE26-41DFCA0C853F}.Release-R8|2022.Build.0 = Release-2022-R8|Any CPU
		{A8D40701-5B58-4CFB-BE26-41DFCA0C853F}.Release-R8|2023.ActiveCfg = Release-2023-R8|Any CPU
		{A8D40701-5B58-4CFB-BE26-41DFCA0C853F}.Release-R8|2023.Build.0 = Release-2023-R8|Any CPU
		{A8D40701-5B58-4CFB-BE26-41DFCA0C853F}.Release-R8|2024.ActiveCfg = Release-2024-R8|Any CPU
		{A8D40701-5B58-4CFB-BE26-41DFCA0C853F}.Release-R8|2024.Build.0 = Release-2024-R8|Any CPU
		{A8D40701-5B58-4CFB-BE26-41DFCA0C853F}.Release-R8|2025.ActiveCfg = Release-2025-R8|Any CPU
		{A8D40701-5B58-4CFB-BE26-41DFCA0C853F}.Release-R8|2025.Build.0 = Release-2025-R8|Any CPU
		{A8D40701-5B58-4CFB-BE26-41DFCA0C853F}.Release-R8|2026.ActiveCfg = Release-2026-R8|Any CPU
		{A8D40701-5B58-4CFB-BE26-41DFCA0C853F}.Release-R8|2026.Build.0 = Release-2026-R8|Any CPU
		{A8D40701-5B58-4CFB-BE26-41DFCA0C853F}.Release-R8|2027.ActiveCfg = Release-2026-R8|Any CPU
		{A8D40701-5B58-4CFB-BE26-41DFCA0C853F}.Release-R8|2027.Build.0 = Release-2026-R8|Any CPU
		{A8D40701-5B58-4CFB-BE26-41DFCA0C853F}.Release-R9|2018.ActiveCfg = Release-2018-R8|Any CPU
		{A8D40701-5B58-4CFB-BE26-41DFCA0C853F}.Release-R9|2019.ActiveCfg = Release-2019-R8|Any CPU
		{A8D40701-5B58-4CFB-BE26-41DFCA0C853F}.Release-R9|2020.ActiveCfg = Release-2020-R8|Any CPU
		{A8D40701-5B58-4CFB-BE26-41DFCA0C853F}.Release-R9|2021.ActiveCfg = Release-2021-R8|Any CPU
		{A8D40701-5B58-4CFB-BE26-41DFCA0C853F}.Release-R9|2022.ActiveCfg = Release-2022-R8|Any CPU
		{A8D40701-5B58-4CFB-BE26-41DFCA0C853F}.Release-R9|2023.ActiveCfg = Release-2023-R8|Any CPU
		{A8D40701-5B58-4CFB-BE26-41DFCA0C853F}.Release-R9|2024.ActiveCfg = Release-2024-R8|Any CPU
		{A8D40701-5B58-4CFB-BE26-41DFCA0C853F}.Release-R9|2025.ActiveCfg = Release-2025-R9|Any CPU
		{A8D40701-5B58-4CFB-BE26-41DFCA0C853F}.Release-R9|2025.Build.0 = Release-2025-R9|Any CPU
		{A8D40701-5B58-4CFB-BE26-41DFCA0C853F}.Release-R9|2026.ActiveCfg = Release-2026-R9|Any CPU
		{A8D40701-5B58-4CFB-BE26-41DFCA0C853F}.Release-R9|2026.Build.0 = Release-2026-R9|Any CPU
		{A8D40701-5B58-4CFB-BE26-41DFCA0C853F}.Release-R9|2027.ActiveCfg = Release-2027-R9|Any CPU
		{A8D40701-5B58-4CFB-BE26-41DFCA0C853F}.Release-R9|2027.Build.0 = Release-2027-R9|Any CPU
	EndGlobalSection
	GlobalSection(SolutionProperties) = preSolution
		HideSolutionNode = FALSE
	EndGlobalSection
	GlobalSection(ExtensibilityGlobals) = postSolution
		SolutionGuid = {D757F305-669A-4D2C-9218-219BF0EBA547}
	EndGlobalSection
EndGlobal
