
Microsoft Visual Studio Solution File, Format Version 12.00
# Visual Studio Version 16
VisualStudioVersion = 16.0.31911.196
MinimumVisualStudioVersion = 10.0.40219.1
Project("{7CF6DF6D-3B04-46F8-A40B-537D21BCA0B4}") = "RhinoInside.Revit.Docs", "RhinoInside.Revit.Docs\RhinoInside.Revit.Docs.shfbproj", "{7E340714-CA6B-4B13-81C9-F9DBFBA079F2}"
EndProject
Global
	GlobalSection(SolutionConfigurationPlatforms) = preSolution
		Debug 2018|x64 = Debug 2018|x64
		Debug 2019|x64 = Debug 2019|x64
		Debug 2020|x64 = Debug 2020|x64
		Debug 2021|x64 = Debug 2021|x64
		Debug 2022|x64 = Debug 2022|x64
		Release 2018|x64 = Release 2018|x64
		Release 2019|x64 = Release 2019|x64
		Release 2020|x64 = Release 2020|x64
		Release 2021|x64 = Release 2021|x64
		Release 2022|x64 = Release 2022|x64
	EndGlobalSection
	GlobalSection(ProjectConfigurationPlatforms) = postSolution
		{7E340714-CA6B-4B13-81C9-F9DBFBA079F2}.Debug 2018|x64.ActiveCfg = Debug 2018|x64
		{7E340714-CA6B-4B13-81C9-F9DBFBA079F2}.Debug 2018|x64.Build.0 = Debug 2018|x64
		{7E340714-CA6B-4B13-81C9-F9DBFBA079F2}.Debug 2019|x64.ActiveCfg = Debug 2019|x64
		{7E340714-CA6B-4B13-81C9-F9DBFBA079F2}.Debug 2019|x64.Build.0 = Debug 2019|x64
		{7E340714-CA6B-4B13-81C9-F9DBFBA079F2}.Debug 2020|x64.ActiveCfg = Debug 2020|x64
		{7E340714-CA6B-4B13-81C9-F9DBFBA079F2}.Debug 2020|x64.Build.0 = Debug 2020|x64
		{7E340714-CA6B-4B13-81C9-F9DBFBA079F2}.Debug 2021|x64.ActiveCfg = Debug 2021|x64
		{7E340714-CA6B-4B13-81C9-F9DBFBA079F2}.Debug 2021|x64.Build.0 = Debug 2021|x64
		{7E340714-CA6B-4B13-81C9-F9DBFBA079F2}.Debug 2022|x64.ActiveCfg = Debug 2022|x64
		{7E340714-CA6B-4B13-81C9-F9DBFBA079F2}.Debug 2022|x64.Build.0 = Debug 2022|x64
		{7E340714-CA6B-4B13-81C9-F9DBFBA079F2}.Release 2018|x64.ActiveCfg = Release 2018|x64
		{7E340714-CA6B-4B13-81C9-F9DBFBA079F2}.Release 2018|x64.Build.0 = Release 2018|x64
		{7E340714-CA6B-4B13-81C9-F9DBFBA079F2}.Release 2019|x64.ActiveCfg = Release 2019|x64
		{7E340714-CA6B-4B13-81C9-F9DBFBA079F2}.Release 2019|x64.Build.0 = Release 2019|x64
		{7E340714-CA6B-4B13-81C9-F9DBFBA079F2}.Release 2020|x64.ActiveCfg = Release 2020|x64
		{7E340714-CA6B-4B13-81C9-F9DBFBA079F2}.Release 2020|x64.Build.0 = Release 2020|x64
		{7E340714-CA6B-4B13-81C9-F9DBFBA079F2}.Release 2021|x64.ActiveCfg = Release 2021|x64
		{7E340714-CA6B-4B13-81C9-F9DBFBA079F2}.Release 2021|x64.Build.0 = Release 2021|x64
		{7E340714-CA6B-4B13-81C9-F9DBFBA079F2}.Release 2022|x64.ActiveCfg = Release 2022|x64
		{7E340714-CA6B-4B13-81C9-F9DBFBA079F2}.Release 2022|x64.Build.0 = Release 2022|x64
	EndGlobalSection
	GlobalSection(SolutionProperties) = preSolution
		HideSolutionNode = FALSE
	EndGlobalSection
	GlobalSection(ExtensibilityGlobals) = postSolution
		SolutionGuid = {EE6EA7FE-08D4-4EB0-8164-3507602CD7A0}
	EndGlobalSection
EndGlobal
