
Microsoft Visual Studio Solution File, Format Version 12.00
# Visual Studio Version 16
VisualStudioVersion = 16.0.29709.97
MinimumVisualStudioVersion = 10.0.40219.1
Project("{FAE04EC0-301F-11D3-BF4B-00C04F79EFBC}") = "RhinoInside.Revit", "RhinoInside.Revit\RhinoInside.Revit.csproj", "{D6C256D4-B518-464F-9E68-CB282202E846}"
	ProjectSection(ProjectDependencies) = postProject
		{CE1818BB-B141-47BC-A253-F855FC4123CF} = {CE1818BB-B141-47BC-A253-F855FC4123CF}
	EndProjectSection
EndProject
Project("{FAE04EC0-301F-11D3-BF4B-00C04F79EFBC}") = "RhinoInside.Revit.GH", "RhinoInside.Revit.GH\RhinoInside.Revit.GH.csproj", "{4F3E6B0F-C644-4A00-8785-11CFBE0C0F94}"
EndProject
Project("{8BC9CEB8-8B4A-11D0-8D11-00A0C91BC942}") = "RhinoInside.Revit.Native", "RhinoInside.Revit.Native\RhinoInside.Revit.Native.vcxproj", "{CE1818BB-B141-47BC-A253-F855FC4123CF}"
EndProject
Project("{2150E333-8FDC-42A3-9474-1A3956D46DE8}") = "Solution Items", "Solution Items", "{BF89E7F2-A559-4C13-8798-15A27AFA90A0}"
	ProjectSection(SolutionItems) = preProject
		ProductInfo.xml = ProductInfo.xml
		..\docs\pages\_en\beta\reference\release-notes.md = ..\docs\pages\_en\beta\reference\release-notes.md
	EndProjectSection
EndProject
Global
	GlobalSection(SolutionConfigurationPlatforms) = preSolution
		Debug 2018|x64 = Debug 2018|x64
		Debug 2019|x64 = Debug 2019|x64
		Debug 2020|x64 = Debug 2020|x64
		Debug 2021|x64 = Debug 2021|x64
		Release 2018|x64 = Release 2018|x64
		Release 2019|x64 = Release 2019|x64
		Release 2020|x64 = Release 2020|x64
		Release 2021|x64 = Release 2021|x64
	EndGlobalSection
	GlobalSection(ProjectConfigurationPlatforms) = postSolution
		{D6C256D4-B518-464F-9E68-CB282202E846}.Debug 2018|x64.ActiveCfg = Debug 2018|x64
		{D6C256D4-B518-464F-9E68-CB282202E846}.Debug 2018|x64.Build.0 = Debug 2018|x64
		{D6C256D4-B518-464F-9E68-CB282202E846}.Debug 2019|x64.ActiveCfg = Debug 2019|x64
		{D6C256D4-B518-464F-9E68-CB282202E846}.Debug 2019|x64.Build.0 = Debug 2019|x64
		{D6C256D4-B518-464F-9E68-CB282202E846}.Debug 2020|x64.ActiveCfg = Debug 2020|x64
		{D6C256D4-B518-464F-9E68-CB282202E846}.Debug 2020|x64.Build.0 = Debug 2020|x64
		{D6C256D4-B518-464F-9E68-CB282202E846}.Debug 2021|x64.ActiveCfg = Debug 2021|x64
		{D6C256D4-B518-464F-9E68-CB282202E846}.Debug 2021|x64.Build.0 = Debug 2021|x64
		{D6C256D4-B518-464F-9E68-CB282202E846}.Release 2018|x64.ActiveCfg = Release 2018|x64
		{D6C256D4-B518-464F-9E68-CB282202E846}.Release 2018|x64.Build.0 = Release 2018|x64
		{D6C256D4-B518-464F-9E68-CB282202E846}.Release 2019|x64.ActiveCfg = Release 2019|x64
		{D6C256D4-B518-464F-9E68-CB282202E846}.Release 2019|x64.Build.0 = Release 2019|x64
		{D6C256D4-B518-464F-9E68-CB282202E846}.Release 2020|x64.ActiveCfg = Release 2020|x64
		{D6C256D4-B518-464F-9E68-CB282202E846}.Release 2020|x64.Build.0 = Release 2020|x64
		{D6C256D4-B518-464F-9E68-CB282202E846}.Release 2021|x64.ActiveCfg = Release 2021|x64
		{D6C256D4-B518-464F-9E68-CB282202E846}.Release 2021|x64.Build.0 = Release 2021|x64
		{4F3E6B0F-C644-4A00-8785-11CFBE0C0F94}.Debug 2018|x64.ActiveCfg = Debug 2018|x64
		{4F3E6B0F-C644-4A00-8785-11CFBE0C0F94}.Debug 2018|x64.Build.0 = Debug 2018|x64
		{4F3E6B0F-C644-4A00-8785-11CFBE0C0F94}.Debug 2019|x64.ActiveCfg = Debug 2019|x64
		{4F3E6B0F-C644-4A00-8785-11CFBE0C0F94}.Debug 2019|x64.Build.0 = Debug 2019|x64
		{4F3E6B0F-C644-4A00-8785-11CFBE0C0F94}.Debug 2020|x64.ActiveCfg = Debug 2020|x64
		{4F3E6B0F-C644-4A00-8785-11CFBE0C0F94}.Debug 2020|x64.Build.0 = Debug 2020|x64
		{4F3E6B0F-C644-4A00-8785-11CFBE0C0F94}.Debug 2021|x64.ActiveCfg = Debug 2021|x64
		{4F3E6B0F-C644-4A00-8785-11CFBE0C0F94}.Debug 2021|x64.Build.0 = Debug 2021|x64
		{4F3E6B0F-C644-4A00-8785-11CFBE0C0F94}.Release 2018|x64.ActiveCfg = Release 2018|x64
		{4F3E6B0F-C644-4A00-8785-11CFBE0C0F94}.Release 2018|x64.Build.0 = Release 2018|x64
		{4F3E6B0F-C644-4A00-8785-11CFBE0C0F94}.Release 2019|x64.ActiveCfg = Release 2019|x64
		{4F3E6B0F-C644-4A00-8785-11CFBE0C0F94}.Release 2019|x64.Build.0 = Release 2019|x64
		{4F3E6B0F-C644-4A00-8785-11CFBE0C0F94}.Release 2020|x64.ActiveCfg = Release 2020|x64
		{4F3E6B0F-C644-4A00-8785-11CFBE0C0F94}.Release 2020|x64.Build.0 = Release 2020|x64
		{4F3E6B0F-C644-4A00-8785-11CFBE0C0F94}.Release 2021|x64.ActiveCfg = Release 2021|x64
		{4F3E6B0F-C644-4A00-8785-11CFBE0C0F94}.Release 2021|x64.Build.0 = Release 2021|x64
		{CE1818BB-B141-47BC-A253-F855FC4123CF}.Debug 2018|x64.ActiveCfg = Debug|x64
		{CE1818BB-B141-47BC-A253-F855FC4123CF}.Debug 2018|x64.Build.0 = Debug|x64
		{CE1818BB-B141-47BC-A253-F855FC4123CF}.Debug 2019|x64.ActiveCfg = Debug|x64
		{CE1818BB-B141-47BC-A253-F855FC4123CF}.Debug 2019|x64.Build.0 = Debug|x64
		{CE1818BB-B141-47BC-A253-F855FC4123CF}.Debug 2020|x64.ActiveCfg = Debug|x64
		{CE1818BB-B141-47BC-A253-F855FC4123CF}.Debug 2020|x64.Build.0 = Debug|x64
		{CE1818BB-B141-47BC-A253-F855FC4123CF}.Debug 2021|x64.ActiveCfg = Debug|x64
		{CE1818BB-B141-47BC-A253-F855FC4123CF}.Debug 2021|x64.Build.0 = Debug|x64
		{CE1818BB-B141-47BC-A253-F855FC4123CF}.Release 2018|x64.ActiveCfg = Release|x64
		{CE1818BB-B141-47BC-A253-F855FC4123CF}.Release 2018|x64.Build.0 = Release|x64
		{CE1818BB-B141-47BC-A253-F855FC4123CF}.Release 2019|x64.ActiveCfg = Release|x64
		{CE1818BB-B141-47BC-A253-F855FC4123CF}.Release 2019|x64.Build.0 = Release|x64
		{CE1818BB-B141-47BC-A253-F855FC4123CF}.Release 2020|x64.ActiveCfg = Release|x64
		{CE1818BB-B141-47BC-A253-F855FC4123CF}.Release 2020|x64.Build.0 = Release|x64
		{CE1818BB-B141-47BC-A253-F855FC4123CF}.Release 2021|x64.ActiveCfg = Release|x64
		{CE1818BB-B141-47BC-A253-F855FC4123CF}.Release 2021|x64.Build.0 = Release|x64
	EndGlobalSection
	GlobalSection(SolutionProperties) = preSolution
		HideSolutionNode = FALSE
	EndGlobalSection
	GlobalSection(ExtensibilityGlobals) = postSolution
		SolutionGuid = {7313E8CF-14F6-457C-B524-43B603709BBF}
	EndGlobalSection
EndGlobal
